// !$*UTF8*$!
{
	archiveVersion = 1;
	classes = {
	};
	objectVersion = 46;
	objects = {

/* Begin PBXBuildFile section */
		1D3623260D0F684500981E51 /* SakuttoBookAppDelegate.m in Sources */ = {isa = PBXBuildFile; fileRef = 1D3623250D0F684500981E51 /* SakuttoBookAppDelegate.m */; };
		1D60589B0D05DD56006BFB54 /* main.m in Sources */ = {isa = PBXBuildFile; fileRef = 29B97316FDCFA39411CA2CEA /* main.m */; };
		1D60589F0D05DD5A006BFB54 /* Foundation.framework in Frameworks */ = {isa = PBXBuildFile; fileRef = 1D30AB110D05D00D00671497 /* Foundation.framework */; };
		1DF5F4E00D08C38300B7A737 /* UIKit.framework in Frameworks */ = {isa = PBXBuildFile; fileRef = 1DF5F4DF0D08C38300B7A737 /* UIKit.framework */; };
		288765A50DF7441C002DB57D /* CoreGraphics.framework in Frameworks */ = {isa = PBXBuildFile; fileRef = 288765A40DF7441C002DB57D /* CoreGraphics.framework */; };
		2899E5220DE3E06400AC0155 /* SakuttoBookViewController.xib in Resources */ = {isa = PBXBuildFile; fileRef = 2899E5210DE3E06400AC0155 /* SakuttoBookViewController.xib */; };
		28AD733F0D9D9553002E5188 /* MainWindow.xib in Resources */ = {isa = PBXBuildFile; fileRef = 28AD733E0D9D9553002E5188 /* MainWindow.xib */; };
		28D7ACF80DDB3853001CB0EB /* SakuttoBookViewController.m in Sources */ = {isa = PBXBuildFile; fileRef = 28D7ACF70DDB3853001CB0EB /* SakuttoBookViewController.m */; };
		29014A9B12D6EC8700936BF0 /* pdfDefine.csv in Resources */ = {isa = PBXBuildFile; fileRef = 29014A9A12D6EC8700936BF0 /* pdfDefine.csv */; };
		29014A9D12D6EC9100936BF0 /* tocDefine.csv in Resources */ = {isa = PBXBuildFile; fileRef = 29014A9C12D6EC9100936BF0 /* tocDefine.csv */; };
		29014A9F12D6EC9C00936BF0 /* movieDefine.csv in Resources */ = {isa = PBXBuildFile; fileRef = 29014A9E12D6EC9C00936BF0 /* movieDefine.csv */; };
		29014AA112D6ECA700936BF0 /* bookDefine.csv in Resources */ = {isa = PBXBuildFile; fileRef = 29014AA012D6ECA700936BF0 /* bookDefine.csv */; };
		290BA0B012B5E0D1009C01C8 /* QuartzCore.framework in Frameworks */ = {isa = PBXBuildFile; fileRef = 290BA0AF12B5E0D1009C01C8 /* QuartzCore.framework */; };
		290F035512D594D300666C6A /* BookmarkViewController.m in Sources */ = {isa = PBXBuildFile; fileRef = 290F035412D594D300666C6A /* BookmarkViewController.m */; };
		2912656912D46BEE00704565 /* list_thumbnail.png in Resources */ = {isa = PBXBuildFile; fileRef = 2912656812D46BEE00704565 /* list_thumbnail.png */; };
		291593141394B54700387697 /* ContentPlayerViewController.m in Sources */ = {isa = PBXBuildFile; fileRef = 291593131394B54700387697 /* ContentPlayerViewController.m */; };
		291EDE0413124E2C00DBD3E5 /* ImageGenerator.m in Sources */ = {isa = PBXBuildFile; fileRef = 291EDE0313124E2C00DBD3E5 /* ImageGenerator.m */; };
		29203C9F15E10C2200290687 /* w06.png in Resources */ = {isa = PBXBuildFile; fileRef = 29203C9915E10C2200290687 /* w06.png */; };
		29203CA015E10C2200290687 /* w07.png in Resources */ = {isa = PBXBuildFile; fileRef = 29203C9A15E10C2200290687 /* w07.png */; };
		29203CA115E10C2200290687 /* w08.png in Resources */ = {isa = PBXBuildFile; fileRef = 29203C9B15E10C2200290687 /* w08.png */; };
		29203CA215E10C2200290687 /* w09.png in Resources */ = {isa = PBXBuildFile; fileRef = 29203C9C15E10C2200290687 /* w09.png */; };
		29203CA315E10C2200290687 /* w10.png in Resources */ = {isa = PBXBuildFile; fileRef = 29203C9D15E10C2200290687 /* w10.png */; };
		29203CA415E10C2200290687 /* w11.png in Resources */ = {isa = PBXBuildFile; fileRef = 29203C9E15E10C2200290687 /* w11.png */; };
		29203CA915E118E000290687 /* gom.mp4 in Resources */ = {isa = PBXBuildFile; fileRef = 29203CA615E118E000290687 /* gom.mp4 */; };
		29203CAA15E118E000290687 /* omote.mp4 in Resources */ = {isa = PBXBuildFile; fileRef = 29203CA715E118E000290687 /* omote.mp4 */; };
		29203CAB15E118E000290687 /* pin.mp4 in Resources */ = {isa = PBXBuildFile; fileRef = 29203CA815E118E000290687 /* pin.mp4 */; };
		29203CB215E118E800290687 /* sakage.mp4 in Resources */ = {isa = PBXBuildFile; fileRef = 29203CAC15E118E800290687 /* sakage.mp4 */; };
		29203CB315E118E800290687 /* style1.mp4 in Resources */ = {isa = PBXBuildFile; fileRef = 29203CAD15E118E800290687 /* style1.mp4 */; };
		29203CB415E118E800290687 /* style2.mp4 in Resources */ = {isa = PBXBuildFile; fileRef = 29203CAE15E118E800290687 /* style2.mp4 */; };
		29203CB515E118E800290687 /* style3.mp4 in Resources */ = {isa = PBXBuildFile; fileRef = 29203CAF15E118E800290687 /* style3.mp4 */; };
		29203CB615E118E800290687 /* style4.mp4 in Resources */ = {isa = PBXBuildFile; fileRef = 29203CB015E118E800290687 /* style4.mp4 */; };
		29203CB715E118E800290687 /* ura.mp4 in Resources */ = {isa = PBXBuildFile; fileRef = 29203CB115E118E800290687 /* ura.mp4 */; };
		2925997C13A34DD30093B0FA /* icon-57.png in Resources */ = {isa = PBXBuildFile; fileRef = 2925997B13A34DD30093B0FA /* icon-57.png */; };
		2933410312D594AA00BFBC23 /* BookmarkView.xib in Resources */ = {isa = PBXBuildFile; fileRef = 2933410212D594AA00BFBC23 /* BookmarkView.xib */; };
		2935764212B5EA9C00F46754 /* MenuViewController.m in Sources */ = {isa = PBXBuildFile; fileRef = 2935764112B5EA9C00F46754 /* MenuViewController.m */; };
		2935764412B5EAAD00F46754 /* MenuView.xib in Resources */ = {isa = PBXBuildFile; fileRef = 2935764312B5EAAD00F46754 /* MenuView.xib */; };
		293BB9F012B6217300DDA3E3 /* WebViewController.m in Sources */ = {isa = PBXBuildFile; fileRef = 293BB9EF12B6217300DDA3E3 /* WebViewController.m */; };
		293BB9F212B6218500DDA3E3 /* WebView.xib in Resources */ = {isa = PBXBuildFile; fileRef = 293BB9F112B6218500DDA3E3 /* WebView.xib */; };
		29431E2212C5D29C00914DBD /* list_bullets.png in Resources */ = {isa = PBXBuildFile; fileRef = 29431E2112C5D29C00914DBD /* list_bullets.png */; };
		294E1F1E131E2A5B00E49BAF /* popoverScrollImageDefine.csv in Resources */ = {isa = PBXBuildFile; fileRef = 294E1F1D131E2A5B00E49BAF /* popoverScrollImageDefine.csv */; };
		294E1FC1131E313800E49BAF /* PopoverScrollImageViewController.m in Sources */ = {isa = PBXBuildFile; fileRef = 294E1FC0131E313800E49BAF /* PopoverScrollImageViewController.m */; };
		2962C40C1394B9EC002E57F9 /* ContentPlayerView.xib in Resources */ = {isa = PBXBuildFile; fileRef = 2962C40B1394B9EC002E57F9 /* ContentPlayerView.xib */; };
		29787BE112C5FBDC00EC2681 /* document.pdf in Resources */ = {isa = PBXBuildFile; fileRef = 29787BE012C5FBDC00EC2681 /* document.pdf */; };
		297AC25612B786EB00962CED /* TocViewController.m in Sources */ = {isa = PBXBuildFile; fileRef = 297AC25512B786EB00962CED /* TocViewController.m */; };
		297AC25812B7870B00962CED /* TocView.xib in Resources */ = {isa = PBXBuildFile; fileRef = 297AC25712B7870B00962CED /* TocView.xib */; };
		297DF1FB12C600320082C680 /* InfomationView.xib in Resources */ = {isa = PBXBuildFile; fileRef = 297DF1FA12C600320082C680 /* InfomationView.xib */; };
		297DF1FF12C601AD0082C680 /* InfomationViewController.m in Sources */ = {isa = PBXBuildFile; fileRef = 297DF1FE12C601AD0082C680 /* InfomationViewController.m */; };
		299448EC12B7370B00E7D108 /* MediaPlayer.framework in Frameworks */ = {isa = PBXBuildFile; fileRef = 299448EB12B7370B00E7D108 /* MediaPlayer.framework */; };
		299791EE13AF96ED009B315B /* urlLinkDefine.csv in Resources */ = {isa = PBXBuildFile; fileRef = 299791ED13AF96ED009B315B /* urlLinkDefine.csv */; };
		2999FA9512B7BDE5002ACB2B /* icon.png in Resources */ = {isa = PBXBuildFile; fileRef = 2999FA9412B7BDE5002ACB2B /* icon.png */; };
		2999FDC512D6A8D500D0F145 /* License.m in Sources */ = {isa = PBXBuildFile; fileRef = 2999FDC412D6A8D500D0F145 /* License.m */; };
		29A1CB7A138616AA00326759 /* SKBE_MainVC.m in Sources */ = {isa = PBXBuildFile; fileRef = 29A1CB79138616AA00326759 /* SKBE_MainVC.m */; };
		29A1CB7E138616BB00326759 /* SKBEngine_PopoverScrollImageViewController.m in Sources */ = {isa = PBXBuildFile; fileRef = 29A1CB7D138616BB00326759 /* SKBEngine_PopoverScrollImageViewController.m */; };
		29B3B7C812C57DE00014F866 /* MyPdfScrollView.m in Sources */ = {isa = PBXBuildFile; fileRef = 29B3B7C712C57DE00014F866 /* MyPdfScrollView.m */; };
		29B3B90C12C58C820014F866 /* ThumbnailViewController.m in Sources */ = {isa = PBXBuildFile; fileRef = 29B3B90B12C58C820014F866 /* ThumbnailViewController.m */; };
		29C944C613A34E9400AC18C6 /* icon-72.png in Resources */ = {isa = PBXBuildFile; fileRef = 29C944C513A34E9400AC18C6 /* icon-72.png */; };
		29D4C97515B81A38002CFBBE /* HairChangerViewController.m in Sources */ = {isa = PBXBuildFile; fileRef = 29D4C97315B81A38002CFBBE /* HairChangerViewController.m */; };
		29D4C97615B81A38002CFBBE /* HairChangerViewController.xib in Resources */ = {isa = PBXBuildFile; fileRef = 29D4C97415B81A38002CFBBE /* HairChangerViewController.xib */; };
		29D4C97815B81CFC002CFBBE /* HairChangerViewController+ImagePicker.m in Sources */ = {isa = PBXBuildFile; fileRef = 29D4C97715B81CFC002CFBBE /* HairChangerViewController+ImagePicker.m */; };
		29D4C98215B81FA7002CFBBE /* change_bgimage.png in Resources */ = {isa = PBXBuildFile; fileRef = 29D4C97E15B81FA7002CFBBE /* change_bgimage.png */; };
		29D4C98315B81FA7002CFBBE /* change_personimage.png in Resources */ = {isa = PBXBuildFile; fileRef = 29D4C97F15B81FA7002CFBBE /* change_personimage.png */; };
		29D4C98415B81FA7002CFBBE /* home.png in Resources */ = {isa = PBXBuildFile; fileRef = 29D4C98015B81FA7002CFBBE /* home.png */; };
		29D4C98515B81FA7002CFBBE /* save_image.png in Resources */ = {isa = PBXBuildFile; fileRef = 29D4C98115B81FA7002CFBBE /* save_image.png */; };
		29D4C99915B827F6002CFBBE /* b00.jpg in Resources */ = {isa = PBXBuildFile; fileRef = 29D4C98715B827F6002CFBBE /* b00.jpg */; };
		29D4C99A15B827F6002CFBBE /* b01.jpg in Resources */ = {isa = PBXBuildFile; fileRef = 29D4C98815B827F6002CFBBE /* b01.jpg */; };
		29D4C99B15B827F6002CFBBE /* b02.jpg in Resources */ = {isa = PBXBuildFile; fileRef = 29D4C98915B827F6002CFBBE /* b02.jpg */; };
		29D4C99C15B827F6002CFBBE /* b03.jpg in Resources */ = {isa = PBXBuildFile; fileRef = 29D4C98A15B827F6002CFBBE /* b03.jpg */; };
		29D4C99D15B827F6002CFBBE /* b04.jpg in Resources */ = {isa = PBXBuildFile; fileRef = 29D4C98B15B827F6002CFBBE /* b04.jpg */; };
		29D4C99E15B827F6002CFBBE /* b05.jpg in Resources */ = {isa = PBXBuildFile; fileRef = 29D4C98C15B827F6002CFBBE /* b05.jpg */; };
		29D4C99F15B827F6002CFBBE /* b06.jpg in Resources */ = {isa = PBXBuildFile; fileRef = 29D4C98D15B827F6002CFBBE /* b06.jpg */; };
		29D4C9A015B827F6002CFBBE /* b07.jpg in Resources */ = {isa = PBXBuildFile; fileRef = 29D4C98E15B827F6002CFBBE /* b07.jpg */; };
		29D4C9A415B827F6002CFBBE /* w00.png in Resources */ = {isa = PBXBuildFile; fileRef = 29D4C99315B827F6002CFBBE /* w00.png */; };
		29D4C9A515B827F6002CFBBE /* w01.png in Resources */ = {isa = PBXBuildFile; fileRef = 29D4C99415B827F6002CFBBE /* w01.png */; };
		29D4C9A615B827F6002CFBBE /* w02.png in Resources */ = {isa = PBXBuildFile; fileRef = 29D4C99515B827F6002CFBBE /* w02.png */; };
		29D4C9A715B827F6002CFBBE /* w03.png in Resources */ = {isa = PBXBuildFile; fileRef = 29D4C99615B827F6002CFBBE /* w03.png */; };
		29D4C9A815B827F6002CFBBE /* w04.png in Resources */ = {isa = PBXBuildFile; fileRef = 29D4C99715B827F6002CFBBE /* w04.png */; };
		29D4C9A915B827F6002CFBBE /* w05.png in Resources */ = {isa = PBXBuildFile; fileRef = 29D4C99815B827F6002CFBBE /* w05.png */; };
		29E1089A12D46D4700FC5210 /* BookmarkModifyView.xib in Resources */ = {isa = PBXBuildFile; fileRef = 29E1089912D46D4700FC5210 /* BookmarkModifyView.xib */; };
		29E108A912D46ECF00FC5210 /* BookmarkModifyViewController.m in Sources */ = {isa = PBXBuildFile; fileRef = 29E108A812D46ECF00FC5210 /* BookmarkModifyViewController.m */; };
		29F003FA1353CC5500D0D74D /* pageJumpLinkDefine.csv in Resources */ = {isa = PBXBuildFile; fileRef = 29F003F91353CC5500D0D74D /* pageJumpLinkDefine.csv */; };
		29F8128B139F521F00A4F92F /* basemake1.jpg in Resources */ = {isa = PBXBuildFile; fileRef = 29F8121A139F521F00A4F92F /* basemake1.jpg */; };
		29F8128C139F521F00A4F92F /* basemake2.jpg in Resources */ = {isa = PBXBuildFile; fileRef = 29F8121B139F521F00A4F92F /* basemake2.jpg */; };
		29F8128D139F521F00A4F92F /* basemake3.jpg in Resources */ = {isa = PBXBuildFile; fileRef = 29F8121C139F521F00A4F92F /* basemake3.jpg */; };
		29F8128E139F521F00A4F92F /* basemake4.jpg in Resources */ = {isa = PBXBuildFile; fileRef = 29F8121D139F521F00A4F92F /* basemake4.jpg */; };
		29F8128F139F521F00A4F92F /* basemake5.jpg in Resources */ = {isa = PBXBuildFile; fileRef = 29F8121E139F521F00A4F92F /* basemake5.jpg */; };
		29F81290139F521F00A4F92F /* cool1-1.jpg in Resources */ = {isa = PBXBuildFile; fileRef = 29F81220139F521F00A4F92F /* cool1-1.jpg */; };
		29F81291139F521F00A4F92F /* cool1-2.jpg in Resources */ = {isa = PBXBuildFile; fileRef = 29F81221139F521F00A4F92F /* cool1-2.jpg */; };
		29F81292139F521F00A4F92F /* cool1-3.jpg in Resources */ = {isa = PBXBuildFile; fileRef = 29F81222139F521F00A4F92F /* cool1-3.jpg */; };
		29F81293139F521F00A4F92F /* cool1-4.jpg in Resources */ = {isa = PBXBuildFile; fileRef = 29F81223139F521F00A4F92F /* cool1-4.jpg */; };
		29F81294139F521F00A4F92F /* cool1-5.jpg in Resources */ = {isa = PBXBuildFile; fileRef = 29F81224139F521F00A4F92F /* cool1-5.jpg */; };
		29F81295139F521F00A4F92F /* cool2-1.jpg in Resources */ = {isa = PBXBuildFile; fileRef = 29F81226139F521F00A4F92F /* cool2-1.jpg */; };
		29F81296139F521F00A4F92F /* cool2-2.jpg in Resources */ = {isa = PBXBuildFile; fileRef = 29F81227139F521F00A4F92F /* cool2-2.jpg */; };
		29F81297139F521F00A4F92F /* cool2-3.jpg in Resources */ = {isa = PBXBuildFile; fileRef = 29F81228139F521F00A4F92F /* cool2-3.jpg */; };
		29F81298139F521F00A4F92F /* cool2-4.jpg in Resources */ = {isa = PBXBuildFile; fileRef = 29F81229139F521F00A4F92F /* cool2-4.jpg */; };
		29F81299139F521F00A4F92F /* cool2-5.jpg in Resources */ = {isa = PBXBuildFile; fileRef = 29F8122A139F521F00A4F92F /* cool2-5.jpg */; };
		29F8129A139F521F00A4F92F /* cool3-1.jpg in Resources */ = {isa = PBXBuildFile; fileRef = 29F8122C139F521F00A4F92F /* cool3-1.jpg */; };
		29F8129B139F521F00A4F92F /* cool3-2.jpg in Resources */ = {isa = PBXBuildFile; fileRef = 29F8122D139F521F00A4F92F /* cool3-2.jpg */; };
		29F8129C139F521F00A4F92F /* cool3-3.jpg in Resources */ = {isa = PBXBuildFile; fileRef = 29F8122E139F521F00A4F92F /* cool3-3.jpg */; };
		29F8129D139F521F00A4F92F /* cool3-4.jpg in Resources */ = {isa = PBXBuildFile; fileRef = 29F8122F139F521F00A4F92F /* cool3-4.jpg */; };
		29F8129E139F521F00A4F92F /* cool3-5.jpg in Resources */ = {isa = PBXBuildFile; fileRef = 29F81230139F521F00A4F92F /* cool3-5.jpg */; };
		29F8129F139F521F00A4F92F /* cool4-1.jpg in Resources */ = {isa = PBXBuildFile; fileRef = 29F81232139F521F00A4F92F /* cool4-1.jpg */; };
		29F812A0139F521F00A4F92F /* cool4-2.jpg in Resources */ = {isa = PBXBuildFile; fileRef = 29F81233139F521F00A4F92F /* cool4-2.jpg */; };
		29F812A1139F521F00A4F92F /* cool4-3.jpg in Resources */ = {isa = PBXBuildFile; fileRef = 29F81234139F521F00A4F92F /* cool4-3.jpg */; };
		29F812A2139F521F00A4F92F /* cool4-4.jpg in Resources */ = {isa = PBXBuildFile; fileRef = 29F81235139F521F00A4F92F /* cool4-4.jpg */; };
		29F812A3139F521F00A4F92F /* cool4-5.jpg in Resources */ = {isa = PBXBuildFile; fileRef = 29F81236139F521F00A4F92F /* cool4-5.jpg */; };
		29F812A4139F521F00A4F92F /* cool5-1.jpg in Resources */ = {isa = PBXBuildFile; fileRef = 29F81238139F521F00A4F92F /* cool5-1.jpg */; };
		29F812A5139F521F00A4F92F /* cool5-2.jpg in Resources */ = {isa = PBXBuildFile; fileRef = 29F81239139F521F00A4F92F /* cool5-2.jpg */; };
		29F812A6139F521F00A4F92F /* cool5-3.jpg in Resources */ = {isa = PBXBuildFile; fileRef = 29F8123A139F521F00A4F92F /* cool5-3.jpg */; };
		29F812A7139F521F00A4F92F /* cool5-4.jpg in Resources */ = {isa = PBXBuildFile; fileRef = 29F8123B139F521F00A4F92F /* cool5-4.jpg */; };
		29F812A8139F521F00A4F92F /* cool5-5.jpg in Resources */ = {isa = PBXBuildFile; fileRef = 29F8123C139F521F00A4F92F /* cool5-5.jpg */; };
		29F812A9139F521F00A4F92F /* cool6-1.jpg in Resources */ = {isa = PBXBuildFile; fileRef = 29F8123E139F521F00A4F92F /* cool6-1.jpg */; };
		29F812AA139F521F00A4F92F /* cool6-2.jpg in Resources */ = {isa = PBXBuildFile; fileRef = 29F8123F139F521F00A4F92F /* cool6-2.jpg */; };
		29F812AB139F521F00A4F92F /* cool6-3.jpg in Resources */ = {isa = PBXBuildFile; fileRef = 29F81240139F521F00A4F92F /* cool6-3.jpg */; };
		29F812AC139F521F00A4F92F /* cool6-4.jpg in Resources */ = {isa = PBXBuildFile; fileRef = 29F81241139F521F00A4F92F /* cool6-4.jpg */; };
		29F812AD139F521F00A4F92F /* cool6-5.jpg in Resources */ = {isa = PBXBuildFile; fileRef = 29F81242139F521F00A4F92F /* cool6-5.jpg */; };
		29F812AE139F521F00A4F92F /* cute1-1.jpg in Resources */ = {isa = PBXBuildFile; fileRef = 29F81244139F521F00A4F92F /* cute1-1.jpg */; };
		29F812AF139F521F00A4F92F /* cute1-2.jpg in Resources */ = {isa = PBXBuildFile; fileRef = 29F81245139F521F00A4F92F /* cute1-2.jpg */; };
		29F812B0139F521F00A4F92F /* cute1-3.jpg in Resources */ = {isa = PBXBuildFile; fileRef = 29F81246139F521F00A4F92F /* cute1-3.jpg */; };
		29F812B1139F521F00A4F92F /* cute1-4.jpg in Resources */ = {isa = PBXBuildFile; fileRef = 29F81247139F521F00A4F92F /* cute1-4.jpg */; };
		29F812B2139F521F00A4F92F /* cute1-5.jpg in Resources */ = {isa = PBXBuildFile; fileRef = 29F81248139F521F00A4F92F /* cute1-5.jpg */; };
		29F812B3139F521F00A4F92F /* cute2-1.jpg in Resources */ = {isa = PBXBuildFile; fileRef = 29F8124A139F521F00A4F92F /* cute2-1.jpg */; };
		29F812B4139F521F00A4F92F /* cute2-2.jpg in Resources */ = {isa = PBXBuildFile; fileRef = 29F8124B139F521F00A4F92F /* cute2-2.jpg */; };
		29F812B5139F521F00A4F92F /* cute2-3.jpg in Resources */ = {isa = PBXBuildFile; fileRef = 29F8124C139F521F00A4F92F /* cute2-3.jpg */; };
		29F812B6139F521F00A4F92F /* cute2-4.jpg in Resources */ = {isa = PBXBuildFile; fileRef = 29F8124D139F521F00A4F92F /* cute2-4.jpg */; };
		29F812B7139F521F00A4F92F /* cute2-5.jpg in Resources */ = {isa = PBXBuildFile; fileRef = 29F8124E139F521F00A4F92F /* cute2-5.jpg */; };
		29F812B8139F521F00A4F92F /* cute3-1.jpg in Resources */ = {isa = PBXBuildFile; fileRef = 29F81250139F521F00A4F92F /* cute3-1.jpg */; };
		29F812B9139F521F00A4F92F /* cute3-2.jpg in Resources */ = {isa = PBXBuildFile; fileRef = 29F81251139F521F00A4F92F /* cute3-2.jpg */; };
		29F812BA139F521F00A4F92F /* cute3-3.jpg in Resources */ = {isa = PBXBuildFile; fileRef = 29F81252139F521F00A4F92F /* cute3-3.jpg */; };
		29F812BB139F521F00A4F92F /* cute3-4.jpg in Resources */ = {isa = PBXBuildFile; fileRef = 29F81253139F521F00A4F92F /* cute3-4.jpg */; };
		29F812BC139F521F00A4F92F /* cute3-5.jpg in Resources */ = {isa = PBXBuildFile; fileRef = 29F81254139F521F00A4F92F /* cute3-5.jpg */; };
		29F812BD139F521F00A4F92F /* cute4-1.jpg in Resources */ = {isa = PBXBuildFile; fileRef = 29F81256139F521F00A4F92F /* cute4-1.jpg */; };
		29F812BE139F521F00A4F92F /* cute4-2.jpg in Resources */ = {isa = PBXBuildFile; fileRef = 29F81257139F521F00A4F92F /* cute4-2.jpg */; };
		29F812BF139F521F00A4F92F /* cute4-3.jpg in Resources */ = {isa = PBXBuildFile; fileRef = 29F81258139F521F00A4F92F /* cute4-3.jpg */; };
		29F812C0139F521F00A4F92F /* cute4-4.jpg in Resources */ = {isa = PBXBuildFile; fileRef = 29F81259139F521F00A4F92F /* cute4-4.jpg */; };
		29F812C1139F521F00A4F92F /* cute4-5.jpg in Resources */ = {isa = PBXBuildFile; fileRef = 29F8125A139F521F00A4F92F /* cute4-5.jpg */; };
		29F812C2139F521F00A4F92F /* cute5-1.jpg in Resources */ = {isa = PBXBuildFile; fileRef = 29F8125C139F521F00A4F92F /* cute5-1.jpg */; };
		29F812C3139F521F00A4F92F /* cute5-2.jpg in Resources */ = {isa = PBXBuildFile; fileRef = 29F8125D139F521F00A4F92F /* cute5-2.jpg */; };
		29F812C4139F521F00A4F92F /* cute5-3.jpg in Resources */ = {isa = PBXBuildFile; fileRef = 29F8125E139F521F00A4F92F /* cute5-3.jpg */; };
		29F812C5139F521F00A4F92F /* cute5-4.jpg in Resources */ = {isa = PBXBuildFile; fileRef = 29F8125F139F521F00A4F92F /* cute5-4.jpg */; };
		29F812C6139F521F00A4F92F /* cute5-5.jpg in Resources */ = {isa = PBXBuildFile; fileRef = 29F81260139F521F00A4F92F /* cute5-5.jpg */; };
		29F812C7139F521F00A4F92F /* cute6-1.jpg in Resources */ = {isa = PBXBuildFile; fileRef = 29F81262139F521F00A4F92F /* cute6-1.jpg */; };
		29F812C8139F521F00A4F92F /* cute6-2.jpg in Resources */ = {isa = PBXBuildFile; fileRef = 29F81263139F521F00A4F92F /* cute6-2.jpg */; };
		29F812C9139F521F00A4F92F /* cute6-3.jpg in Resources */ = {isa = PBXBuildFile; fileRef = 29F81264139F521F00A4F92F /* cute6-3.jpg */; };
		29F812CA139F521F00A4F92F /* cute6-4.jpg in Resources */ = {isa = PBXBuildFile; fileRef = 29F81265139F521F00A4F92F /* cute6-4.jpg */; };
		29F812CB139F521F00A4F92F /* cute6-5.jpg in Resources */ = {isa = PBXBuildFile; fileRef = 29F81266139F521F00A4F92F /* cute6-5.jpg */; };
		29F812CC139F521F00A4F92F /* gorgeous1-1.jpg in Resources */ = {isa = PBXBuildFile; fileRef = 29F81268139F521F00A4F92F /* gorgeous1-1.jpg */; };
		29F812CD139F521F00A4F92F /* gorgeous1-2.jpg in Resources */ = {isa = PBXBuildFile; fileRef = 29F81269139F521F00A4F92F /* gorgeous1-2.jpg */; };
		29F812CE139F521F00A4F92F /* gorgeous1-3.jpg in Resources */ = {isa = PBXBuildFile; fileRef = 29F8126A139F521F00A4F92F /* gorgeous1-3.jpg */; };
		29F812CF139F521F00A4F92F /* gorgeous1-4.jpg in Resources */ = {isa = PBXBuildFile; fileRef = 29F8126B139F521F00A4F92F /* gorgeous1-4.jpg */; };
		29F812D0139F521F00A4F92F /* gorgeous1-5.jpg in Resources */ = {isa = PBXBuildFile; fileRef = 29F8126C139F521F00A4F92F /* gorgeous1-5.jpg */; };
		29F812D1139F521F00A4F92F /* gorgeous2-1.jpg in Resources */ = {isa = PBXBuildFile; fileRef = 29F8126E139F521F00A4F92F /* gorgeous2-1.jpg */; };
		29F812D2139F521F00A4F92F /* gorgeous2-2.jpg in Resources */ = {isa = PBXBuildFile; fileRef = 29F8126F139F521F00A4F92F /* gorgeous2-2.jpg */; };
		29F812D3139F521F00A4F92F /* gorgeous2-3.jpg in Resources */ = {isa = PBXBuildFile; fileRef = 29F81270139F521F00A4F92F /* gorgeous2-3.jpg */; };
		29F812D4139F521F00A4F92F /* gorgeous2-4.jpg in Resources */ = {isa = PBXBuildFile; fileRef = 29F81271139F521F00A4F92F /* gorgeous2-4.jpg */; };
		29F812D5139F521F00A4F92F /* gorgeous2-5.jpg in Resources */ = {isa = PBXBuildFile; fileRef = 29F81272139F521F00A4F92F /* gorgeous2-5.jpg */; };
		29F812D6139F521F00A4F92F /* gorgeous3-1.jpg in Resources */ = {isa = PBXBuildFile; fileRef = 29F81274139F521F00A4F92F /* gorgeous3-1.jpg */; };
		29F812D7139F521F00A4F92F /* gorgeous3-2.jpg in Resources */ = {isa = PBXBuildFile; fileRef = 29F81275139F521F00A4F92F /* gorgeous3-2.jpg */; };
		29F812D8139F521F00A4F92F /* gorgeous3-3.jpg in Resources */ = {isa = PBXBuildFile; fileRef = 29F81276139F521F00A4F92F /* gorgeous3-3.jpg */; };
		29F812D9139F521F00A4F92F /* gorgeous3-4.jpg in Resources */ = {isa = PBXBuildFile; fileRef = 29F81277139F521F00A4F92F /* gorgeous3-4.jpg */; };
		29F812DA139F521F00A4F92F /* gorgeous3-5.jpg in Resources */ = {isa = PBXBuildFile; fileRef = 29F81278139F521F00A4F92F /* gorgeous3-5.jpg */; };
		29F812DB139F521F00A4F92F /* gorgeous4-1.jpg in Resources */ = {isa = PBXBuildFile; fileRef = 29F8127A139F521F00A4F92F /* gorgeous4-1.jpg */; };
		29F812DC139F521F00A4F92F /* gorgeous4-2.jpg in Resources */ = {isa = PBXBuildFile; fileRef = 29F8127B139F521F00A4F92F /* gorgeous4-2.jpg */; };
		29F812DD139F521F00A4F92F /* gorgeous4-3.jpg in Resources */ = {isa = PBXBuildFile; fileRef = 29F8127C139F521F00A4F92F /* gorgeous4-3.jpg */; };
		29F812DE139F521F00A4F92F /* gorgeous4-4.jpg in Resources */ = {isa = PBXBuildFile; fileRef = 29F8127D139F521F00A4F92F /* gorgeous4-4.jpg */; };
		29F812DF139F521F00A4F92F /* gorgeous4-5.jpg in Resources */ = {isa = PBXBuildFile; fileRef = 29F8127E139F521F00A4F92F /* gorgeous4-5.jpg */; };
		29F812E0139F521F00A4F92F /* gorgeous5-1.jpg in Resources */ = {isa = PBXBuildFile; fileRef = 29F81280139F521F00A4F92F /* gorgeous5-1.jpg */; };
		29F812E1139F521F00A4F92F /* gorgeous5-2.jpg in Resources */ = {isa = PBXBuildFile; fileRef = 29F81281139F521F00A4F92F /* gorgeous5-2.jpg */; };
		29F812E2139F521F00A4F92F /* gorgeous5-3.jpg in Resources */ = {isa = PBXBuildFile; fileRef = 29F81282139F521F00A4F92F /* gorgeous5-3.jpg */; };
		29F812E3139F521F00A4F92F /* gorgeous5-4.jpg in Resources */ = {isa = PBXBuildFile; fileRef = 29F81283139F521F00A4F92F /* gorgeous5-4.jpg */; };
		29F812E4139F521F00A4F92F /* gorgeous5-5.jpg in Resources */ = {isa = PBXBuildFile; fileRef = 29F81284139F521F00A4F92F /* gorgeous5-5.jpg */; };
		29F812E5139F521F00A4F92F /* gorgeous6-1.jpg in Resources */ = {isa = PBXBuildFile; fileRef = 29F81286139F521F00A4F92F /* gorgeous6-1.jpg */; };
		29F812E6139F521F00A4F92F /* gorgeous6-2.jpg in Resources */ = {isa = PBXBuildFile; fileRef = 29F81287139F521F00A4F92F /* gorgeous6-2.jpg */; };
		29F812E7139F521F00A4F92F /* gorgeous6-3.jpg in Resources */ = {isa = PBXBuildFile; fileRef = 29F81288139F521F00A4F92F /* gorgeous6-3.jpg */; };
		29F812E8139F521F00A4F92F /* gorgeous6-4.jpg in Resources */ = {isa = PBXBuildFile; fileRef = 29F81289139F521F00A4F92F /* gorgeous6-4.jpg */; };
		29F812E9139F521F00A4F92F /* gorgeous6-5.jpg in Resources */ = {isa = PBXBuildFile; fileRef = 29F8128A139F521F00A4F92F /* gorgeous6-5.jpg */; };
/* End PBXBuildFile section */

/* Begin PBXFileReference section */
		1D30AB110D05D00D00671497 /* Foundation.framework */ = {isa = PBXFileReference; lastKnownFileType = wrapper.framework; name = Foundation.framework; path = System/Library/Frameworks/Foundation.framework; sourceTree = SDKROOT; };
		1D3623240D0F684500981E51 /* SakuttoBookAppDelegate.h */ = {isa = PBXFileReference; fileEncoding = 4; lastKnownFileType = sourcecode.c.h; path = SakuttoBookAppDelegate.h; sourceTree = "<group>"; };
		1D3623250D0F684500981E51 /* SakuttoBookAppDelegate.m */ = {isa = PBXFileReference; fileEncoding = 4; lastKnownFileType = sourcecode.c.objc; path = SakuttoBookAppDelegate.m; sourceTree = "<group>"; };
		1D6058910D05DD3D006BFB54 /* SakuttoBook.app */ = {isa = PBXFileReference; explicitFileType = wrapper.application; includeInIndex = 0; path = SakuttoBook.app; sourceTree = BUILT_PRODUCTS_DIR; };
		1DF5F4DF0D08C38300B7A737 /* UIKit.framework */ = {isa = PBXFileReference; lastKnownFileType = wrapper.framework; name = UIKit.framework; path = System/Library/Frameworks/UIKit.framework; sourceTree = SDKROOT; };
		288765A40DF7441C002DB57D /* CoreGraphics.framework */ = {isa = PBXFileReference; lastKnownFileType = wrapper.framework; name = CoreGraphics.framework; path = System/Library/Frameworks/CoreGraphics.framework; sourceTree = SDKROOT; };
		2899E5210DE3E06400AC0155 /* SakuttoBookViewController.xib */ = {isa = PBXFileReference; lastKnownFileType = file.xib; path = SakuttoBookViewController.xib; sourceTree = "<group>"; };
		28AD733E0D9D9553002E5188 /* MainWindow.xib */ = {isa = PBXFileReference; lastKnownFileType = file.xib; path = MainWindow.xib; sourceTree = "<group>"; };
		28D7ACF60DDB3853001CB0EB /* SakuttoBookViewController.h */ = {isa = PBXFileReference; fileEncoding = 4; lastKnownFileType = sourcecode.c.h; path = SakuttoBookViewController.h; sourceTree = "<group>"; };
		28D7ACF70DDB3853001CB0EB /* SakuttoBookViewController.m */ = {isa = PBXFileReference; fileEncoding = 4; lastKnownFileType = sourcecode.c.objc; path = SakuttoBookViewController.m; sourceTree = "<group>"; };
		29014A9A12D6EC8700936BF0 /* pdfDefine.csv */ = {isa = PBXFileReference; fileEncoding = 4; lastKnownFileType = text; name = pdfDefine.csv; path = csv/pdfDefine.csv; sourceTree = "<group>"; };
		29014A9C12D6EC9100936BF0 /* tocDefine.csv */ = {isa = PBXFileReference; fileEncoding = 4; lastKnownFileType = text; name = tocDefine.csv; path = csv/tocDefine.csv; sourceTree = "<group>"; };
		29014A9E12D6EC9C00936BF0 /* movieDefine.csv */ = {isa = PBXFileReference; fileEncoding = 4; lastKnownFileType = text; name = movieDefine.csv; path = csv/movieDefine.csv; sourceTree = "<group>"; };
		29014AA012D6ECA700936BF0 /* bookDefine.csv */ = {isa = PBXFileReference; fileEncoding = 4; lastKnownFileType = text; name = bookDefine.csv; path = csv/bookDefine.csv; sourceTree = "<group>"; };
		290BA0AF12B5E0D1009C01C8 /* QuartzCore.framework */ = {isa = PBXFileReference; lastKnownFileType = wrapper.framework; name = QuartzCore.framework; path = System/Library/Frameworks/QuartzCore.framework; sourceTree = SDKROOT; };
		290F035312D594D300666C6A /* BookmarkViewController.h */ = {isa = PBXFileReference; fileEncoding = 4; lastKnownFileType = sourcecode.c.h; path = BookmarkViewController.h; sourceTree = "<group>"; };
		290F035412D594D300666C6A /* BookmarkViewController.m */ = {isa = PBXFileReference; fileEncoding = 4; lastKnownFileType = sourcecode.c.objc; path = BookmarkViewController.m; sourceTree = "<group>"; };
		2912656812D46BEE00704565 /* list_thumbnail.png */ = {isa = PBXFileReference; lastKnownFileType = image.png; name = list_thumbnail.png; path = Classes/list_thumbnail.png; sourceTree = "<group>"; };
		291593121394B54700387697 /* ContentPlayerViewController.h */ = {isa = PBXFileReference; fileEncoding = 4; lastKnownFileType = sourcecode.c.h; path = ContentPlayerViewController.h; sourceTree = "<group>"; };
		291593131394B54700387697 /* ContentPlayerViewController.m */ = {isa = PBXFileReference; fileEncoding = 4; lastKnownFileType = sourcecode.c.objc; path = ContentPlayerViewController.m; sourceTree = "<group>"; };
		291EDE0213124E2C00DBD3E5 /* ImageGenerator.h */ = {isa = PBXFileReference; fileEncoding = 4; lastKnownFileType = sourcecode.c.h; path = ImageGenerator.h; sourceTree = "<group>"; };
		291EDE0313124E2C00DBD3E5 /* ImageGenerator.m */ = {isa = PBXFileReference; fileEncoding = 4; lastKnownFileType = sourcecode.c.objc; path = ImageGenerator.m; sourceTree = "<group>"; };
		29203C9915E10C2200290687 /* w06.png */ = {isa = PBXFileReference; lastKnownFileType = image.png; path = w06.png; sourceTree = "<group>"; };
		29203C9A15E10C2200290687 /* w07.png */ = {isa = PBXFileReference; lastKnownFileType = image.png; path = w07.png; sourceTree = "<group>"; };
		29203C9B15E10C2200290687 /* w08.png */ = {isa = PBXFileReference; lastKnownFileType = image.png; path = w08.png; sourceTree = "<group>"; };
		29203C9C15E10C2200290687 /* w09.png */ = {isa = PBXFileReference; lastKnownFileType = image.png; path = w09.png; sourceTree = "<group>"; };
		29203C9D15E10C2200290687 /* w10.png */ = {isa = PBXFileReference; lastKnownFileType = image.png; path = w10.png; sourceTree = "<group>"; };
		29203C9E15E10C2200290687 /* w11.png */ = {isa = PBXFileReference; lastKnownFileType = image.png; path = w11.png; sourceTree = "<group>"; };
		29203CA615E118E000290687 /* gom.mp4 */ = {isa = PBXFileReference; lastKnownFileType = file; path = gom.mp4; sourceTree = "<group>"; };
		29203CA715E118E000290687 /* omote.mp4 */ = {isa = PBXFileReference; lastKnownFileType = file; path = omote.mp4; sourceTree = "<group>"; };
		29203CA815E118E000290687 /* pin.mp4 */ = {isa = PBXFileReference; lastKnownFileType = file; path = pin.mp4; sourceTree = "<group>"; };
		29203CAC15E118E800290687 /* sakage.mp4 */ = {isa = PBXFileReference; lastKnownFileType = file; path = sakage.mp4; sourceTree = "<group>"; };
		29203CAD15E118E800290687 /* style1.mp4 */ = {isa = PBXFileReference; lastKnownFileType = file; path = style1.mp4; sourceTree = "<group>"; };
		29203CAE15E118E800290687 /* style2.mp4 */ = {isa = PBXFileReference; lastKnownFileType = file; path = style2.mp4; sourceTree = "<group>"; };
		29203CAF15E118E800290687 /* style3.mp4 */ = {isa = PBXFileReference; lastKnownFileType = file; path = style3.mp4; sourceTree = "<group>"; };
		29203CB015E118E800290687 /* style4.mp4 */ = {isa = PBXFileReference; lastKnownFileType = file; path = style4.mp4; sourceTree = "<group>"; };
		29203CB115E118E800290687 /* ura.mp4 */ = {isa = PBXFileReference; lastKnownFileType = file; path = ura.mp4; sourceTree = "<group>"; };
		2925997B13A34DD30093B0FA /* icon-57.png */ = {isa = PBXFileReference; lastKnownFileType = image.png; path = "icon-57.png"; sourceTree = "<group>"; };
		2933410212D594AA00BFBC23 /* BookmarkView.xib */ = {isa = PBXFileReference; lastKnownFileType = file.xib; path = BookmarkView.xib; sourceTree = "<group>"; };
		2935764012B5EA9C00F46754 /* MenuViewController.h */ = {isa = PBXFileReference; fileEncoding = 4; lastKnownFileType = sourcecode.c.h; path = MenuViewController.h; sourceTree = "<group>"; };
		2935764112B5EA9C00F46754 /* MenuViewController.m */ = {isa = PBXFileReference; fileEncoding = 4; lastKnownFileType = sourcecode.c.objc; path = MenuViewController.m; sourceTree = "<group>"; };
		2935764312B5EAAD00F46754 /* MenuView.xib */ = {isa = PBXFileReference; lastKnownFileType = file.xib; path = MenuView.xib; sourceTree = "<group>"; };
		293988DD12B5E9DB008017BE /* Define.h */ = {isa = PBXFileReference; fileEncoding = 4; lastKnownFileType = sourcecode.c.h; path = Define.h; sourceTree = "<group>"; };
		293BB9EE12B6217300DDA3E3 /* WebViewController.h */ = {isa = PBXFileReference; fileEncoding = 4; lastKnownFileType = sourcecode.c.h; path = WebViewController.h; sourceTree = "<group>"; };
		293BB9EF12B6217300DDA3E3 /* WebViewController.m */ = {isa = PBXFileReference; fileEncoding = 4; lastKnownFileType = sourcecode.c.objc; path = WebViewController.m; sourceTree = "<group>"; };
		293BB9F112B6218500DDA3E3 /* WebView.xib */ = {isa = PBXFileReference; lastKnownFileType = file.xib; path = WebView.xib; sourceTree = "<group>"; };
		29431E2112C5D29C00914DBD /* list_bullets.png */ = {isa = PBXFileReference; lastKnownFileType = image.png; name = list_bullets.png; path = Classes/list_bullets.png; sourceTree = "<group>"; };
		294E1F1D131E2A5B00E49BAF /* popoverScrollImageDefine.csv */ = {isa = PBXFileReference; fileEncoding = 4; lastKnownFileType = text; name = popoverScrollImageDefine.csv; path = csv/popoverScrollImageDefine.csv; sourceTree = "<group>"; };
		294E1FBF131E313800E49BAF /* PopoverScrollImageViewController.h */ = {isa = PBXFileReference; fileEncoding = 4; lastKnownFileType = sourcecode.c.h; path = PopoverScrollImageViewController.h; sourceTree = "<group>"; };
		294E1FC0131E313800E49BAF /* PopoverScrollImageViewController.m */ = {isa = PBXFileReference; fileEncoding = 4; lastKnownFileType = sourcecode.c.objc; path = PopoverScrollImageViewController.m; sourceTree = "<group>"; };
		2962C40B1394B9EC002E57F9 /* ContentPlayerView.xib */ = {isa = PBXFileReference; fileEncoding = 4; lastKnownFileType = file.xib; path = ContentPlayerView.xib; sourceTree = "<group>"; };
		2963BE1D12B5C01E001041EB /* Utility.h */ = {isa = PBXFileReference; fileEncoding = 4; lastKnownFileType = sourcecode.c.h; path = Utility.h; sourceTree = "<group>"; };
		29787BE012C5FBDC00EC2681 /* document.pdf */ = {isa = PBXFileReference; lastKnownFileType = image.pdf; path = document.pdf; sourceTree = "<group>"; };
		297AC25412B786EB00962CED /* TocViewController.h */ = {isa = PBXFileReference; fileEncoding = 4; lastKnownFileType = sourcecode.c.h; path = TocViewController.h; sourceTree = "<group>"; };
		297AC25512B786EB00962CED /* TocViewController.m */ = {isa = PBXFileReference; fileEncoding = 4; lastKnownFileType = sourcecode.c.objc; path = TocViewController.m; sourceTree = "<group>"; };
		297AC25712B7870B00962CED /* TocView.xib */ = {isa = PBXFileReference; lastKnownFileType = file.xib; path = TocView.xib; sourceTree = "<group>"; };
		297DF1FA12C600320082C680 /* InfomationView.xib */ = {isa = PBXFileReference; lastKnownFileType = file.xib; path = InfomationView.xib; sourceTree = "<group>"; };
		297DF1FD12C601AD0082C680 /* InfomationViewController.h */ = {isa = PBXFileReference; fileEncoding = 4; lastKnownFileType = sourcecode.c.h; path = InfomationViewController.h; sourceTree = "<group>"; };
		297DF1FE12C601AD0082C680 /* InfomationViewController.m */ = {isa = PBXFileReference; fileEncoding = 4; lastKnownFileType = sourcecode.c.objc; path = InfomationViewController.m; sourceTree = "<group>"; };
		299448EB12B7370B00E7D108 /* MediaPlayer.framework */ = {isa = PBXFileReference; lastKnownFileType = wrapper.framework; name = MediaPlayer.framework; path = System/Library/Frameworks/MediaPlayer.framework; sourceTree = SDKROOT; };
		299791ED13AF96ED009B315B /* urlLinkDefine.csv */ = {isa = PBXFileReference; fileEncoding = 4; lastKnownFileType = text; name = urlLinkDefine.csv; path = csv/urlLinkDefine.csv; sourceTree = "<group>"; };
		2999FA9412B7BDE5002ACB2B /* icon.png */ = {isa = PBXFileReference; lastKnownFileType = image.png; path = icon.png; sourceTree = "<group>"; };
		2999FDC312D6A8D500D0F145 /* License.h */ = {isa = PBXFileReference; fileEncoding = 4; lastKnownFileType = sourcecode.c.h; path = License.h; sourceTree = "<group>"; };
		2999FDC412D6A8D500D0F145 /* License.m */ = {isa = PBXFileReference; fileEncoding = 4; lastKnownFileType = sourcecode.c.objc; path = License.m; sourceTree = "<group>"; };
		29A1CB78138616AA00326759 /* SKBE_MainVC.h */ = {isa = PBXFileReference; fileEncoding = 4; lastKnownFileType = sourcecode.c.h; name = SKBE_MainVC.h; path = SKBEngine/SKBEngine/SKBE_MainVC.h; sourceTree = "<group>"; };
		29A1CB79138616AA00326759 /* SKBE_MainVC.m */ = {isa = PBXFileReference; fileEncoding = 4; lastKnownFileType = sourcecode.c.objc; name = SKBE_MainVC.m; path = SKBEngine/SKBEngine/SKBE_MainVC.m; sourceTree = "<group>"; };
		29A1CB7C138616BB00326759 /* SKBEngine_PopoverScrollImageViewController.h */ = {isa = PBXFileReference; fileEncoding = 4; lastKnownFileType = sourcecode.c.h; name = SKBEngine_PopoverScrollImageViewController.h; path = SKBEngine/SKBEngine/SKBEngine_PopoverScrollImageViewController.h; sourceTree = "<group>"; };
		29A1CB7D138616BB00326759 /* SKBEngine_PopoverScrollImageViewController.m */ = {isa = PBXFileReference; fileEncoding = 4; lastKnownFileType = sourcecode.c.objc; name = SKBEngine_PopoverScrollImageViewController.m; path = SKBEngine/SKBEngine/SKBEngine_PopoverScrollImageViewController.m; sourceTree = "<group>"; };
		29B3B7C612C57DE00014F866 /* MyPdfScrollView.h */ = {isa = PBXFileReference; fileEncoding = 4; lastKnownFileType = sourcecode.c.h; path = MyPdfScrollView.h; sourceTree = "<group>"; };
		29B3B7C712C57DE00014F866 /* MyPdfScrollView.m */ = {isa = PBXFileReference; fileEncoding = 4; lastKnownFileType = sourcecode.c.objc; path = MyPdfScrollView.m; sourceTree = "<group>"; };
		29B3B90A12C58C820014F866 /* ThumbnailViewController.h */ = {isa = PBXFileReference; fileEncoding = 4; lastKnownFileType = sourcecode.c.h; path = ThumbnailViewController.h; sourceTree = "<group>"; };
		29B3B90B12C58C820014F866 /* ThumbnailViewController.m */ = {isa = PBXFileReference; fileEncoding = 4; lastKnownFileType = sourcecode.c.objc; path = ThumbnailViewController.m; sourceTree = "<group>"; };
		29B97316FDCFA39411CA2CEA /* main.m */ = {isa = PBXFileReference; fileEncoding = 4; lastKnownFileType = sourcecode.c.objc; path = main.m; sourceTree = "<group>"; };
		29C944C513A34E9400AC18C6 /* icon-72.png */ = {isa = PBXFileReference; lastKnownFileType = image.png; path = "icon-72.png"; sourceTree = "<group>"; };
		29D4C97215B81A38002CFBBE /* HairChangerViewController.h */ = {isa = PBXFileReference; fileEncoding = 4; lastKnownFileType = sourcecode.c.h; path = HairChangerViewController.h; sourceTree = "<group>"; };
		29D4C97315B81A38002CFBBE /* HairChangerViewController.m */ = {isa = PBXFileReference; fileEncoding = 4; lastKnownFileType = sourcecode.c.objc; path = HairChangerViewController.m; sourceTree = "<group>"; };
		29D4C97415B81A38002CFBBE /* HairChangerViewController.xib */ = {isa = PBXFileReference; fileEncoding = 4; lastKnownFileType = file.xib; path = HairChangerViewController.xib; sourceTree = "<group>"; };
		29D4C97715B81CFC002CFBBE /* HairChangerViewController+ImagePicker.m */ = {isa = PBXFileReference; fileEncoding = 4; lastKnownFileType = sourcecode.c.objc; path = "HairChangerViewController+ImagePicker.m"; sourceTree = "<group>"; };
		29D4C97E15B81FA7002CFBBE /* change_bgimage.png */ = {isa = PBXFileReference; lastKnownFileType = image.png; path = change_bgimage.png; sourceTree = "<group>"; };
		29D4C97F15B81FA7002CFBBE /* change_personimage.png */ = {isa = PBXFileReference; lastKnownFileType = image.png; path = change_personimage.png; sourceTree = "<group>"; };
		29D4C98015B81FA7002CFBBE /* home.png */ = {isa = PBXFileReference; lastKnownFileType = image.png; path = home.png; sourceTree = "<group>"; };
		29D4C98115B81FA7002CFBBE /* save_image.png */ = {isa = PBXFileReference; lastKnownFileType = image.png; path = save_image.png; sourceTree = "<group>"; };
		29D4C98715B827F6002CFBBE /* b00.jpg */ = {isa = PBXFileReference; lastKnownFileType = image.jpeg; path = b00.jpg; sourceTree = "<group>"; };
		29D4C98815B827F6002CFBBE /* b01.jpg */ = {isa = PBXFileReference; lastKnownFileType = image.jpeg; path = b01.jpg; sourceTree = "<group>"; };
		29D4C98915B827F6002CFBBE /* b02.jpg */ = {isa = PBXFileReference; lastKnownFileType = image.jpeg; path = b02.jpg; sourceTree = "<group>"; };
		29D4C98A15B827F6002CFBBE /* b03.jpg */ = {isa = PBXFileReference; lastKnownFileType = image.jpeg; path = b03.jpg; sourceTree = "<group>"; };
		29D4C98B15B827F6002CFBBE /* b04.jpg */ = {isa = PBXFileReference; lastKnownFileType = image.jpeg; path = b04.jpg; sourceTree = "<group>"; };
		29D4C98C15B827F6002CFBBE /* b05.jpg */ = {isa = PBXFileReference; lastKnownFileType = image.jpeg; path = b05.jpg; sourceTree = "<group>"; };
		29D4C98D15B827F6002CFBBE /* b06.jpg */ = {isa = PBXFileReference; lastKnownFileType = image.jpeg; path = b06.jpg; sourceTree = "<group>"; };
		29D4C98E15B827F6002CFBBE /* b07.jpg */ = {isa = PBXFileReference; lastKnownFileType = image.jpeg; path = b07.jpg; sourceTree = "<group>"; };
		29D4C99315B827F6002CFBBE /* w00.png */ = {isa = PBXFileReference; lastKnownFileType = image.png; path = w00.png; sourceTree = "<group>"; };
		29D4C99415B827F6002CFBBE /* w01.png */ = {isa = PBXFileReference; lastKnownFileType = image.png; path = w01.png; sourceTree = "<group>"; };
		29D4C99515B827F6002CFBBE /* w02.png */ = {isa = PBXFileReference; lastKnownFileType = image.png; path = w02.png; sourceTree = "<group>"; };
		29D4C99615B827F6002CFBBE /* w03.png */ = {isa = PBXFileReference; lastKnownFileType = image.png; path = w03.png; sourceTree = "<group>"; };
		29D4C99715B827F6002CFBBE /* w04.png */ = {isa = PBXFileReference; lastKnownFileType = image.png; path = w04.png; sourceTree = "<group>"; };
		29D4C99815B827F6002CFBBE /* w05.png */ = {isa = PBXFileReference; lastKnownFileType = image.png; path = w05.png; sourceTree = "<group>"; };
		29E1089912D46D4700FC5210 /* BookmarkModifyView.xib */ = {isa = PBXFileReference; lastKnownFileType = file.xib; path = BookmarkModifyView.xib; sourceTree = "<group>"; };
		29E108A712D46ECF00FC5210 /* BookmarkModifyViewController.h */ = {isa = PBXFileReference; fileEncoding = 4; lastKnownFileType = sourcecode.c.h; path = BookmarkModifyViewController.h; sourceTree = "<group>"; };
		29E108A812D46ECF00FC5210 /* BookmarkModifyViewController.m */ = {isa = PBXFileReference; fileEncoding = 4; lastKnownFileType = sourcecode.c.objc; path = BookmarkModifyViewController.m; sourceTree = "<group>"; };
		29F003F91353CC5500D0D74D /* pageJumpLinkDefine.csv */ = {isa = PBXFileReference; fileEncoding = 4; lastKnownFileType = text; name = pageJumpLinkDefine.csv; path = csv/pageJumpLinkDefine.csv; sourceTree = "<group>"; };
		29F8121A139F521F00A4F92F /* basemake1.jpg */ = {isa = PBXFileReference; lastKnownFileType = image.jpeg; path = basemake1.jpg; sourceTree = "<group>"; };
		29F8121B139F521F00A4F92F /* basemake2.jpg */ = {isa = PBXFileReference; lastKnownFileType = image.jpeg; path = basemake2.jpg; sourceTree = "<group>"; };
		29F8121C139F521F00A4F92F /* basemake3.jpg */ = {isa = PBXFileReference; lastKnownFileType = image.jpeg; path = basemake3.jpg; sourceTree = "<group>"; };
		29F8121D139F521F00A4F92F /* basemake4.jpg */ = {isa = PBXFileReference; lastKnownFileType = image.jpeg; path = basemake4.jpg; sourceTree = "<group>"; };
		29F8121E139F521F00A4F92F /* basemake5.jpg */ = {isa = PBXFileReference; lastKnownFileType = image.jpeg; path = basemake5.jpg; sourceTree = "<group>"; };
		29F81220139F521F00A4F92F /* cool1-1.jpg */ = {isa = PBXFileReference; lastKnownFileType = image.jpeg; path = "cool1-1.jpg"; sourceTree = "<group>"; };
		29F81221139F521F00A4F92F /* cool1-2.jpg */ = {isa = PBXFileReference; lastKnownFileType = image.jpeg; path = "cool1-2.jpg"; sourceTree = "<group>"; };
		29F81222139F521F00A4F92F /* cool1-3.jpg */ = {isa = PBXFileReference; lastKnownFileType = image.jpeg; path = "cool1-3.jpg"; sourceTree = "<group>"; };
		29F81223139F521F00A4F92F /* cool1-4.jpg */ = {isa = PBXFileReference; lastKnownFileType = image.jpeg; path = "cool1-4.jpg"; sourceTree = "<group>"; };
		29F81224139F521F00A4F92F /* cool1-5.jpg */ = {isa = PBXFileReference; lastKnownFileType = image.jpeg; path = "cool1-5.jpg"; sourceTree = "<group>"; };
		29F81226139F521F00A4F92F /* cool2-1.jpg */ = {isa = PBXFileReference; lastKnownFileType = image.jpeg; path = "cool2-1.jpg"; sourceTree = "<group>"; };
		29F81227139F521F00A4F92F /* cool2-2.jpg */ = {isa = PBXFileReference; lastKnownFileType = image.jpeg; path = "cool2-2.jpg"; sourceTree = "<group>"; };
		29F81228139F521F00A4F92F /* cool2-3.jpg */ = {isa = PBXFileReference; lastKnownFileType = image.jpeg; path = "cool2-3.jpg"; sourceTree = "<group>"; };
		29F81229139F521F00A4F92F /* cool2-4.jpg */ = {isa = PBXFileReference; lastKnownFileType = image.jpeg; path = "cool2-4.jpg"; sourceTree = "<group>"; };
		29F8122A139F521F00A4F92F /* cool2-5.jpg */ = {isa = PBXFileReference; lastKnownFileType = image.jpeg; path = "cool2-5.jpg"; sourceTree = "<group>"; };
		29F8122C139F521F00A4F92F /* cool3-1.jpg */ = {isa = PBXFileReference; lastKnownFileType = image.jpeg; path = "cool3-1.jpg"; sourceTree = "<group>"; };
		29F8122D139F521F00A4F92F /* cool3-2.jpg */ = {isa = PBXFileReference; lastKnownFileType = image.jpeg; path = "cool3-2.jpg"; sourceTree = "<group>"; };
		29F8122E139F521F00A4F92F /* cool3-3.jpg */ = {isa = PBXFileReference; lastKnownFileType = image.jpeg; path = "cool3-3.jpg"; sourceTree = "<group>"; };
		29F8122F139F521F00A4F92F /* cool3-4.jpg */ = {isa = PBXFileReference; lastKnownFileType = image.jpeg; path = "cool3-4.jpg"; sourceTree = "<group>"; };
		29F81230139F521F00A4F92F /* cool3-5.jpg */ = {isa = PBXFileReference; lastKnownFileType = image.jpeg; path = "cool3-5.jpg"; sourceTree = "<group>"; };
		29F81232139F521F00A4F92F /* cool4-1.jpg */ = {isa = PBXFileReference; lastKnownFileType = image.jpeg; path = "cool4-1.jpg"; sourceTree = "<group>"; };
		29F81233139F521F00A4F92F /* cool4-2.jpg */ = {isa = PBXFileReference; lastKnownFileType = image.jpeg; path = "cool4-2.jpg"; sourceTree = "<group>"; };
		29F81234139F521F00A4F92F /* cool4-3.jpg */ = {isa = PBXFileReference; lastKnownFileType = image.jpeg; path = "cool4-3.jpg"; sourceTree = "<group>"; };
		29F81235139F521F00A4F92F /* cool4-4.jpg */ = {isa = PBXFileReference; lastKnownFileType = image.jpeg; path = "cool4-4.jpg"; sourceTree = "<group>"; };
		29F81236139F521F00A4F92F /* cool4-5.jpg */ = {isa = PBXFileReference; lastKnownFileType = image.jpeg; path = "cool4-5.jpg"; sourceTree = "<group>"; };
		29F81238139F521F00A4F92F /* cool5-1.jpg */ = {isa = PBXFileReference; lastKnownFileType = image.jpeg; path = "cool5-1.jpg"; sourceTree = "<group>"; };
		29F81239139F521F00A4F92F /* cool5-2.jpg */ = {isa = PBXFileReference; lastKnownFileType = image.jpeg; path = "cool5-2.jpg"; sourceTree = "<group>"; };
		29F8123A139F521F00A4F92F /* cool5-3.jpg */ = {isa = PBXFileReference; lastKnownFileType = image.jpeg; path = "cool5-3.jpg"; sourceTree = "<group>"; };
		29F8123B139F521F00A4F92F /* cool5-4.jpg */ = {isa = PBXFileReference; lastKnownFileType = image.jpeg; path = "cool5-4.jpg"; sourceTree = "<group>"; };
		29F8123C139F521F00A4F92F /* cool5-5.jpg */ = {isa = PBXFileReference; lastKnownFileType = image.jpeg; path = "cool5-5.jpg"; sourceTree = "<group>"; };
		29F8123E139F521F00A4F92F /* cool6-1.jpg */ = {isa = PBXFileReference; lastKnownFileType = image.jpeg; path = "cool6-1.jpg"; sourceTree = "<group>"; };
		29F8123F139F521F00A4F92F /* cool6-2.jpg */ = {isa = PBXFileReference; lastKnownFileType = image.jpeg; path = "cool6-2.jpg"; sourceTree = "<group>"; };
		29F81240139F521F00A4F92F /* cool6-3.jpg */ = {isa = PBXFileReference; lastKnownFileType = image.jpeg; path = "cool6-3.jpg"; sourceTree = "<group>"; };
		29F81241139F521F00A4F92F /* cool6-4.jpg */ = {isa = PBXFileReference; lastKnownFileType = image.jpeg; path = "cool6-4.jpg"; sourceTree = "<group>"; };
		29F81242139F521F00A4F92F /* cool6-5.jpg */ = {isa = PBXFileReference; lastKnownFileType = image.jpeg; path = "cool6-5.jpg"; sourceTree = "<group>"; };
		29F81244139F521F00A4F92F /* cute1-1.jpg */ = {isa = PBXFileReference; lastKnownFileType = image.jpeg; path = "cute1-1.jpg"; sourceTree = "<group>"; };
		29F81245139F521F00A4F92F /* cute1-2.jpg */ = {isa = PBXFileReference; lastKnownFileType = image.jpeg; path = "cute1-2.jpg"; sourceTree = "<group>"; };
		29F81246139F521F00A4F92F /* cute1-3.jpg */ = {isa = PBXFileReference; lastKnownFileType = image.jpeg; path = "cute1-3.jpg"; sourceTree = "<group>"; };
		29F81247139F521F00A4F92F /* cute1-4.jpg */ = {isa = PBXFileReference; lastKnownFileType = image.jpeg; path = "cute1-4.jpg"; sourceTree = "<group>"; };
		29F81248139F521F00A4F92F /* cute1-5.jpg */ = {isa = PBXFileReference; lastKnownFileType = image.jpeg; path = "cute1-5.jpg"; sourceTree = "<group>"; };
		29F8124A139F521F00A4F92F /* cute2-1.jpg */ = {isa = PBXFileReference; lastKnownFileType = image.jpeg; path = "cute2-1.jpg"; sourceTree = "<group>"; };
		29F8124B139F521F00A4F92F /* cute2-2.jpg */ = {isa = PBXFileReference; lastKnownFileType = image.jpeg; path = "cute2-2.jpg"; sourceTree = "<group>"; };
		29F8124C139F521F00A4F92F /* cute2-3.jpg */ = {isa = PBXFileReference; lastKnownFileType = image.jpeg; path = "cute2-3.jpg"; sourceTree = "<group>"; };
		29F8124D139F521F00A4F92F /* cute2-4.jpg */ = {isa = PBXFileReference; lastKnownFileType = image.jpeg; path = "cute2-4.jpg"; sourceTree = "<group>"; };
		29F8124E139F521F00A4F92F /* cute2-5.jpg */ = {isa = PBXFileReference; lastKnownFileType = image.jpeg; path = "cute2-5.jpg"; sourceTree = "<group>"; };
		29F81250139F521F00A4F92F /* cute3-1.jpg */ = {isa = PBXFileReference; lastKnownFileType = image.jpeg; path = "cute3-1.jpg"; sourceTree = "<group>"; };
		29F81251139F521F00A4F92F /* cute3-2.jpg */ = {isa = PBXFileReference; lastKnownFileType = image.jpeg; path = "cute3-2.jpg"; sourceTree = "<group>"; };
		29F81252139F521F00A4F92F /* cute3-3.jpg */ = {isa = PBXFileReference; lastKnownFileType = image.jpeg; path = "cute3-3.jpg"; sourceTree = "<group>"; };
		29F81253139F521F00A4F92F /* cute3-4.jpg */ = {isa = PBXFileReference; lastKnownFileType = image.jpeg; path = "cute3-4.jpg"; sourceTree = "<group>"; };
		29F81254139F521F00A4F92F /* cute3-5.jpg */ = {isa = PBXFileReference; lastKnownFileType = image.jpeg; path = "cute3-5.jpg"; sourceTree = "<group>"; };
		29F81256139F521F00A4F92F /* cute4-1.jpg */ = {isa = PBXFileReference; lastKnownFileType = image.jpeg; path = "cute4-1.jpg"; sourceTree = "<group>"; };
		29F81257139F521F00A4F92F /* cute4-2.jpg */ = {isa = PBXFileReference; lastKnownFileType = image.jpeg; path = "cute4-2.jpg"; sourceTree = "<group>"; };
		29F81258139F521F00A4F92F /* cute4-3.jpg */ = {isa = PBXFileReference; lastKnownFileType = image.jpeg; path = "cute4-3.jpg"; sourceTree = "<group>"; };
		29F81259139F521F00A4F92F /* cute4-4.jpg */ = {isa = PBXFileReference; lastKnownFileType = image.jpeg; path = "cute4-4.jpg"; sourceTree = "<group>"; };
		29F8125A139F521F00A4F92F /* cute4-5.jpg */ = {isa = PBXFileReference; lastKnownFileType = image.jpeg; path = "cute4-5.jpg"; sourceTree = "<group>"; };
		29F8125C139F521F00A4F92F /* cute5-1.jpg */ = {isa = PBXFileReference; lastKnownFileType = image.jpeg; path = "cute5-1.jpg"; sourceTree = "<group>"; };
		29F8125D139F521F00A4F92F /* cute5-2.jpg */ = {isa = PBXFileReference; lastKnownFileType = image.jpeg; path = "cute5-2.jpg"; sourceTree = "<group>"; };
		29F8125E139F521F00A4F92F /* cute5-3.jpg */ = {isa = PBXFileReference; lastKnownFileType = image.jpeg; path = "cute5-3.jpg"; sourceTree = "<group>"; };
		29F8125F139F521F00A4F92F /* cute5-4.jpg */ = {isa = PBXFileReference; lastKnownFileType = image.jpeg; path = "cute5-4.jpg"; sourceTree = "<group>"; };
		29F81260139F521F00A4F92F /* cute5-5.jpg */ = {isa = PBXFileReference; lastKnownFileType = image.jpeg; path = "cute5-5.jpg"; sourceTree = "<group>"; };
		29F81262139F521F00A4F92F /* cute6-1.jpg */ = {isa = PBXFileReference; lastKnownFileType = image.jpeg; path = "cute6-1.jpg"; sourceTree = "<group>"; };
		29F81263139F521F00A4F92F /* cute6-2.jpg */ = {isa = PBXFileReference; lastKnownFileType = image.jpeg; path = "cute6-2.jpg"; sourceTree = "<group>"; };
		29F81264139F521F00A4F92F /* cute6-3.jpg */ = {isa = PBXFileReference; lastKnownFileType = image.jpeg; path = "cute6-3.jpg"; sourceTree = "<group>"; };
		29F81265139F521F00A4F92F /* cute6-4.jpg */ = {isa = PBXFileReference; lastKnownFileType = image.jpeg; path = "cute6-4.jpg"; sourceTree = "<group>"; };
		29F81266139F521F00A4F92F /* cute6-5.jpg */ = {isa = PBXFileReference; lastKnownFileType = image.jpeg; path = "cute6-5.jpg"; sourceTree = "<group>"; };
		29F81268139F521F00A4F92F /* gorgeous1-1.jpg */ = {isa = PBXFileReference; lastKnownFileType = image.jpeg; path = "gorgeous1-1.jpg"; sourceTree = "<group>"; };
		29F81269139F521F00A4F92F /* gorgeous1-2.jpg */ = {isa = PBXFileReference; lastKnownFileType = image.jpeg; path = "gorgeous1-2.jpg"; sourceTree = "<group>"; };
		29F8126A139F521F00A4F92F /* gorgeous1-3.jpg */ = {isa = PBXFileReference; lastKnownFileType = image.jpeg; path = "gorgeous1-3.jpg"; sourceTree = "<group>"; };
		29F8126B139F521F00A4F92F /* gorgeous1-4.jpg */ = {isa = PBXFileReference; lastKnownFileType = image.jpeg; path = "gorgeous1-4.jpg"; sourceTree = "<group>"; };
		29F8126C139F521F00A4F92F /* gorgeous1-5.jpg */ = {isa = PBXFileReference; lastKnownFileType = image.jpeg; path = "gorgeous1-5.jpg"; sourceTree = "<group>"; };
		29F8126E139F521F00A4F92F /* gorgeous2-1.jpg */ = {isa = PBXFileReference; lastKnownFileType = image.jpeg; path = "gorgeous2-1.jpg"; sourceTree = "<group>"; };
		29F8126F139F521F00A4F92F /* gorgeous2-2.jpg */ = {isa = PBXFileReference; lastKnownFileType = image.jpeg; path = "gorgeous2-2.jpg"; sourceTree = "<group>"; };
		29F81270139F521F00A4F92F /* gorgeous2-3.jpg */ = {isa = PBXFileReference; lastKnownFileType = image.jpeg; path = "gorgeous2-3.jpg"; sourceTree = "<group>"; };
		29F81271139F521F00A4F92F /* gorgeous2-4.jpg */ = {isa = PBXFileReference; lastKnownFileType = image.jpeg; path = "gorgeous2-4.jpg"; sourceTree = "<group>"; };
		29F81272139F521F00A4F92F /* gorgeous2-5.jpg */ = {isa = PBXFileReference; lastKnownFileType = image.jpeg; path = "gorgeous2-5.jpg"; sourceTree = "<group>"; };
		29F81274139F521F00A4F92F /* gorgeous3-1.jpg */ = {isa = PBXFileReference; lastKnownFileType = image.jpeg; path = "gorgeous3-1.jpg"; sourceTree = "<group>"; };
		29F81275139F521F00A4F92F /* gorgeous3-2.jpg */ = {isa = PBXFileReference; lastKnownFileType = image.jpeg; path = "gorgeous3-2.jpg"; sourceTree = "<group>"; };
		29F81276139F521F00A4F92F /* gorgeous3-3.jpg */ = {isa = PBXFileReference; lastKnownFileType = image.jpeg; path = "gorgeous3-3.jpg"; sourceTree = "<group>"; };
		29F81277139F521F00A4F92F /* gorgeous3-4.jpg */ = {isa = PBXFileReference; lastKnownFileType = image.jpeg; path = "gorgeous3-4.jpg"; sourceTree = "<group>"; };
		29F81278139F521F00A4F92F /* gorgeous3-5.jpg */ = {isa = PBXFileReference; lastKnownFileType = image.jpeg; path = "gorgeous3-5.jpg"; sourceTree = "<group>"; };
		29F8127A139F521F00A4F92F /* gorgeous4-1.jpg */ = {isa = PBXFileReference; lastKnownFileType = image.jpeg; path = "gorgeous4-1.jpg"; sourceTree = "<group>"; };
		29F8127B139F521F00A4F92F /* gorgeous4-2.jpg */ = {isa = PBXFileReference; lastKnownFileType = image.jpeg; path = "gorgeous4-2.jpg"; sourceTree = "<group>"; };
		29F8127C139F521F00A4F92F /* gorgeous4-3.jpg */ = {isa = PBXFileReference; lastKnownFileType = image.jpeg; path = "gorgeous4-3.jpg"; sourceTree = "<group>"; };
		29F8127D139F521F00A4F92F /* gorgeous4-4.jpg */ = {isa = PBXFileReference; lastKnownFileType = image.jpeg; path = "gorgeous4-4.jpg"; sourceTree = "<group>"; };
		29F8127E139F521F00A4F92F /* gorgeous4-5.jpg */ = {isa = PBXFileReference; lastKnownFileType = image.jpeg; path = "gorgeous4-5.jpg"; sourceTree = "<group>"; };
		29F81280139F521F00A4F92F /* gorgeous5-1.jpg */ = {isa = PBXFileReference; lastKnownFileType = image.jpeg; path = "gorgeous5-1.jpg"; sourceTree = "<group>"; };
		29F81281139F521F00A4F92F /* gorgeous5-2.jpg */ = {isa = PBXFileReference; lastKnownFileType = image.jpeg; path = "gorgeous5-2.jpg"; sourceTree = "<group>"; };
		29F81282139F521F00A4F92F /* gorgeous5-3.jpg */ = {isa = PBXFileReference; lastKnownFileType = image.jpeg; path = "gorgeous5-3.jpg"; sourceTree = "<group>"; };
		29F81283139F521F00A4F92F /* gorgeous5-4.jpg */ = {isa = PBXFileReference; lastKnownFileType = image.jpeg; path = "gorgeous5-4.jpg"; sourceTree = "<group>"; };
		29F81284139F521F00A4F92F /* gorgeous5-5.jpg */ = {isa = PBXFileReference; lastKnownFileType = image.jpeg; path = "gorgeous5-5.jpg"; sourceTree = "<group>"; };
		29F81286139F521F00A4F92F /* gorgeous6-1.jpg */ = {isa = PBXFileReference; lastKnownFileType = image.jpeg; path = "gorgeous6-1.jpg"; sourceTree = "<group>"; };
		29F81287139F521F00A4F92F /* gorgeous6-2.jpg */ = {isa = PBXFileReference; lastKnownFileType = image.jpeg; path = "gorgeous6-2.jpg"; sourceTree = "<group>"; };
		29F81288139F521F00A4F92F /* gorgeous6-3.jpg */ = {isa = PBXFileReference; lastKnownFileType = image.jpeg; path = "gorgeous6-3.jpg"; sourceTree = "<group>"; };
		29F81289139F521F00A4F92F /* gorgeous6-4.jpg */ = {isa = PBXFileReference; lastKnownFileType = image.jpeg; path = "gorgeous6-4.jpg"; sourceTree = "<group>"; };
		29F8128A139F521F00A4F92F /* gorgeous6-5.jpg */ = {isa = PBXFileReference; lastKnownFileType = image.jpeg; path = "gorgeous6-5.jpg"; sourceTree = "<group>"; };
		32CA4F630368D1EE00C91783 /* SakuttoBook_Prefix.pch */ = {isa = PBXFileReference; fileEncoding = 4; lastKnownFileType = sourcecode.c.h; path = SakuttoBook_Prefix.pch; sourceTree = "<group>"; };
		8D1107310486CEB800E47090 /* SakuttoBook-Info.plist */ = {isa = PBXFileReference; fileEncoding = 4; lastKnownFileType = text.plist.xml; path = "SakuttoBook-Info.plist"; plistStructureDefinitionIdentifier = "com.apple.xcode.plist.structure-definition.iphone.info-plist"; sourceTree = "<group>"; };
/* End PBXFileReference section */

/* Begin PBXFrameworksBuildPhase section */
		1D60588F0D05DD3D006BFB54 /* Frameworks */ = {
			isa = PBXFrameworksBuildPhase;
			buildActionMask = 2147483647;
			files = (
				1D60589F0D05DD5A006BFB54 /* Foundation.framework in Frameworks */,
				1DF5F4E00D08C38300B7A737 /* UIKit.framework in Frameworks */,
				288765A50DF7441C002DB57D /* CoreGraphics.framework in Frameworks */,
				290BA0B012B5E0D1009C01C8 /* QuartzCore.framework in Frameworks */,
				299448EC12B7370B00E7D108 /* MediaPlayer.framework in Frameworks */,
			);
			runOnlyForDeploymentPostprocessing = 0;
		};
/* End PBXFrameworksBuildPhase section */

/* Begin PBXGroup section */
		080E96DDFE201D6D7F000001 /* Classes */ = {
			isa = PBXGroup;
			children = (
				29D4C97115B81A0C002CFBBE /* HairChanger */,
				1D3623240D0F684500981E51 /* SakuttoBookAppDelegate.h */,
				1D3623250D0F684500981E51 /* SakuttoBookAppDelegate.m */,
				28D7ACF60DDB3853001CB0EB /* SakuttoBookViewController.h */,
				28D7ACF70DDB3853001CB0EB /* SakuttoBookViewController.m */,
				291593121394B54700387697 /* ContentPlayerViewController.h */,
				291593131394B54700387697 /* ContentPlayerViewController.m */,
				291EDE0213124E2C00DBD3E5 /* ImageGenerator.h */,
				291EDE0313124E2C00DBD3E5 /* ImageGenerator.m */,
				29B3B7C612C57DE00014F866 /* MyPdfScrollView.h */,
				29B3B7C712C57DE00014F866 /* MyPdfScrollView.m */,
				2935764012B5EA9C00F46754 /* MenuViewController.h */,
				2935764112B5EA9C00F46754 /* MenuViewController.m */,
				293BB9EE12B6217300DDA3E3 /* WebViewController.h */,
				293BB9EF12B6217300DDA3E3 /* WebViewController.m */,
				294E1FBF131E313800E49BAF /* PopoverScrollImageViewController.h */,
				294E1FC0131E313800E49BAF /* PopoverScrollImageViewController.m */,
				297AC25412B786EB00962CED /* TocViewController.h */,
				297AC25512B786EB00962CED /* TocViewController.m */,
				290F035312D594D300666C6A /* BookmarkViewController.h */,
				290F035412D594D300666C6A /* BookmarkViewController.m */,
				29E108A712D46ECF00FC5210 /* BookmarkModifyViewController.h */,
				29E108A812D46ECF00FC5210 /* BookmarkModifyViewController.m */,
				29B3B90A12C58C820014F866 /* ThumbnailViewController.h */,
				29B3B90B12C58C820014F866 /* ThumbnailViewController.m */,
				297DF1FD12C601AD0082C680 /* InfomationViewController.h */,
				297DF1FE12C601AD0082C680 /* InfomationViewController.m */,
				2999FDC312D6A8D500D0F145 /* License.h */,
				2999FDC412D6A8D500D0F145 /* License.m */,
				2963BE1D12B5C01E001041EB /* Utility.h */,
				293988DD12B5E9DB008017BE /* Define.h */,
			);
			path = Classes;
			sourceTree = "<group>";
		};
		19C28FACFE9D520D11CA2CBB /* Products */ = {
			isa = PBXGroup;
			children = (
				1D6058910D05DD3D006BFB54 /* SakuttoBook.app */,
			);
			name = Products;
			sourceTree = "<group>";
		};
		2921370D12C604B800FC071D /* image */ = {
			isa = PBXGroup;
			children = (
				29F81243139F521F00A4F92F /* Cute1 */,
				29F81249139F521F00A4F92F /* Cute2 */,
				29F8124F139F521F00A4F92F /* Cute3 */,
				29F81255139F521F00A4F92F /* Cute4 */,
				29F8125B139F521F00A4F92F /* Cute5 */,
				29F81261139F521F00A4F92F /* Cute6 */,
				29F8121F139F521F00A4F92F /* Cool1 */,
				29F81225139F521F00A4F92F /* Cool2 */,
				29F8122B139F521F00A4F92F /* Cool3 */,
				29F81231139F521F00A4F92F /* Cool4 */,
				29F81237139F521F00A4F92F /* Cool5 */,
				29F8123D139F521F00A4F92F /* Cool6 */,
				29F81267139F521F00A4F92F /* Gorgeous1 */,
				29F8126D139F521F00A4F92F /* Gorgeous2 */,
				29F81273139F521F00A4F92F /* Gorgeous3 */,
				29F81279139F521F00A4F92F /* Gorgeous4 */,
				29F8127F139F521F00A4F92F /* Gorgeous5 */,
				29F81285139F521F00A4F92F /* Gorgeous6 */,
				29F81219139F521F00A4F92F /* BaseMake */,
			);
			path = image;
			sourceTree = "<group>";
		};
		29311316138966AE003588A9 /* SKBEngine */ = {
			isa = PBXGroup;
			children = (
				29A1CB78138616AA00326759 /* SKBE_MainVC.h */,
				29A1CB79138616AA00326759 /* SKBE_MainVC.m */,
				29A1CB7C138616BB00326759 /* SKBEngine_PopoverScrollImageViewController.h */,
				29A1CB7D138616BB00326759 /* SKBEngine_PopoverScrollImageViewController.m */,
			);
			name = SKBEngine;
			sourceTree = "<group>";
		};
		2963BDF212B5BE1C001041EB /* pdf */ = {
			isa = PBXGroup;
			children = (
				29787BE012C5FBDC00EC2681 /* document.pdf */,
			);
			path = pdf;
			sourceTree = "<group>";
		};
		2994490212B737C600E7D108 /* movie */ = {
			isa = PBXGroup;
			children = (
				29203CA615E118E000290687 /* gom.mp4 */,
				29203CA715E118E000290687 /* omote.mp4 */,
				29203CA815E118E000290687 /* pin.mp4 */,
				29203CAC15E118E800290687 /* sakage.mp4 */,
				29203CAD15E118E800290687 /* style1.mp4 */,
				29203CAE15E118E800290687 /* style2.mp4 */,
				29203CAF15E118E800290687 /* style3.mp4 */,
				29203CB015E118E800290687 /* style4.mp4 */,
				29203CB115E118E800290687 /* ura.mp4 */,
			);
			path = movie;
			sourceTree = "<group>";
		};
		29B97314FDCFA39411CA2CEA /* CustomTemplate */ = {
			isa = PBXGroup;
			children = (
				080E96DDFE201D6D7F000001 /* Classes */,
				29D4C98615B827F6002CFBBE /* HairChanger-Background */,
				29D4C99215B827F6002CFBBE /* HairChanger-Hair */,
				29D4C97D15B81FA7002CFBBE /* system-image */,
				29311316138966AE003588A9 /* SKBEngine */,
				29B97315FDCFA39411CA2CEA /* Other Sources */,
				29B97317FDCFA39411CA2CEA /* Resources */,
				29B97323FDCFA39411CA2CEA /* Frameworks */,
				19C28FACFE9D520D11CA2CBB /* Products */,
			);
			name = CustomTemplate;
			sourceTree = "<group>";
		};
		29B97315FDCFA39411CA2CEA /* Other Sources */ = {
			isa = PBXGroup;
			children = (
				32CA4F630368D1EE00C91783 /* SakuttoBook_Prefix.pch */,
				29B97316FDCFA39411CA2CEA /* main.m */,
			);
			name = "Other Sources";
			sourceTree = "<group>";
		};
		29B97317FDCFA39411CA2CEA /* Resources */ = {
			isa = PBXGroup;
			children = (
				29014AA012D6ECA700936BF0 /* bookDefine.csv */,
				29014A9C12D6EC9100936BF0 /* tocDefine.csv */,
				29014A9A12D6EC8700936BF0 /* pdfDefine.csv */,
				29014A9E12D6EC9C00936BF0 /* movieDefine.csv */,
				294E1F1D131E2A5B00E49BAF /* popoverScrollImageDefine.csv */,
				29F003F91353CC5500D0D74D /* pageJumpLinkDefine.csv */,
				299791ED13AF96ED009B315B /* urlLinkDefine.csv */,
				2963BDF212B5BE1C001041EB /* pdf */,
				2994490212B737C600E7D108 /* movie */,
				2921370D12C604B800FC071D /* image */,
				2999FA9412B7BDE5002ACB2B /* icon.png */,
				2925997B13A34DD30093B0FA /* icon-57.png */,
				29C944C513A34E9400AC18C6 /* icon-72.png */,
				28AD733E0D9D9553002E5188 /* MainWindow.xib */,
				2899E5210DE3E06400AC0155 /* SakuttoBookViewController.xib */,
				2962C40B1394B9EC002E57F9 /* ContentPlayerView.xib */,
				2935764312B5EAAD00F46754 /* MenuView.xib */,
				293BB9F112B6218500DDA3E3 /* WebView.xib */,
				297AC25712B7870B00962CED /* TocView.xib */,
				29E1089912D46D4700FC5210 /* BookmarkModifyView.xib */,
				297DF1FA12C600320082C680 /* InfomationView.xib */,
				2933410212D594AA00BFBC23 /* BookmarkView.xib */,
				29431E2112C5D29C00914DBD /* list_bullets.png */,
				2912656812D46BEE00704565 /* list_thumbnail.png */,
				8D1107310486CEB800E47090 /* SakuttoBook-Info.plist */,
			);
			name = Resources;
			sourceTree = "<group>";
		};
		29B97323FDCFA39411CA2CEA /* Frameworks */ = {
			isa = PBXGroup;
			children = (
				1DF5F4DF0D08C38300B7A737 /* UIKit.framework */,
				1D30AB110D05D00D00671497 /* Foundation.framework */,
				288765A40DF7441C002DB57D /* CoreGraphics.framework */,
				290BA0AF12B5E0D1009C01C8 /* QuartzCore.framework */,
				299448EB12B7370B00E7D108 /* MediaPlayer.framework */,
			);
			name = Frameworks;
			sourceTree = "<group>";
		};
		29D4C97115B81A0C002CFBBE /* HairChanger */ = {
			isa = PBXGroup;
			children = (
				29D4C97215B81A38002CFBBE /* HairChangerViewController.h */,
				29D4C97315B81A38002CFBBE /* HairChangerViewController.m */,
				29D4C97715B81CFC002CFBBE /* HairChangerViewController+ImagePicker.m */,
				29D4C97415B81A38002CFBBE /* HairChangerViewController.xib */,
			);
			path = HairChanger;
			sourceTree = "<group>";
		};
		29D4C97D15B81FA7002CFBBE /* system-image */ = {
			isa = PBXGroup;
			children = (
				29D4C97E15B81FA7002CFBBE /* change_bgimage.png */,
				29D4C97F15B81FA7002CFBBE /* change_personimage.png */,
				29D4C98015B81FA7002CFBBE /* home.png */,
				29D4C98115B81FA7002CFBBE /* save_image.png */,
			);
			path = "system-image";
			sourceTree = SOURCE_ROOT;
		};
		29D4C98615B827F6002CFBBE /* HairChanger-Background */ = {
			isa = PBXGroup;
			children = (
				29D4C98715B827F6002CFBBE /* b00.jpg */,
				29D4C98815B827F6002CFBBE /* b01.jpg */,
				29D4C98915B827F6002CFBBE /* b02.jpg */,
				29D4C98A15B827F6002CFBBE /* b03.jpg */,
				29D4C98B15B827F6002CFBBE /* b04.jpg */,
				29D4C98C15B827F6002CFBBE /* b05.jpg */,
				29D4C98D15B827F6002CFBBE /* b06.jpg */,
				29D4C98E15B827F6002CFBBE /* b07.jpg */,
			);
			name = "HairChanger-Background";
			path = "image/HairChanger-Background";
			sourceTree = "<group>";
		};
		29D4C99215B827F6002CFBBE /* HairChanger-Hair */ = {
			isa = PBXGroup;
			children = (
				29D4C99315B827F6002CFBBE /* w00.png */,
				29D4C99415B827F6002CFBBE /* w01.png */,
				29D4C99515B827F6002CFBBE /* w02.png */,
				29D4C99615B827F6002CFBBE /* w03.png */,
				29D4C99715B827F6002CFBBE /* w04.png */,
				29D4C99815B827F6002CFBBE /* w05.png */,
				29203C9915E10C2200290687 /* w06.png */,
				29203C9A15E10C2200290687 /* w07.png */,
				29203C9B15E10C2200290687 /* w08.png */,
				29203C9C15E10C2200290687 /* w09.png */,
				29203C9D15E10C2200290687 /* w10.png */,
				29203C9E15E10C2200290687 /* w11.png */,
			);
			name = "HairChanger-Hair";
			path = "image/HairChanger-Hair";
			sourceTree = "<group>";
		};
		29F81219139F521F00A4F92F /* BaseMake */ = {
			isa = PBXGroup;
			children = (
				29F8121A139F521F00A4F92F /* basemake1.jpg */,
				29F8121B139F521F00A4F92F /* basemake2.jpg */,
				29F8121C139F521F00A4F92F /* basemake3.jpg */,
				29F8121D139F521F00A4F92F /* basemake4.jpg */,
				29F8121E139F521F00A4F92F /* basemake5.jpg */,
			);
			path = BaseMake;
			sourceTree = "<group>";
		};
		29F8121F139F521F00A4F92F /* Cool1 */ = {
			isa = PBXGroup;
			children = (
				29F81220139F521F00A4F92F /* cool1-1.jpg */,
				29F81221139F521F00A4F92F /* cool1-2.jpg */,
				29F81222139F521F00A4F92F /* cool1-3.jpg */,
				29F81223139F521F00A4F92F /* cool1-4.jpg */,
				29F81224139F521F00A4F92F /* cool1-5.jpg */,
			);
			path = Cool1;
			sourceTree = "<group>";
		};
		29F81225139F521F00A4F92F /* Cool2 */ = {
			isa = PBXGroup;
			children = (
				29F81226139F521F00A4F92F /* cool2-1.jpg */,
				29F81227139F521F00A4F92F /* cool2-2.jpg */,
				29F81228139F521F00A4F92F /* cool2-3.jpg */,
				29F81229139F521F00A4F92F /* cool2-4.jpg */,
				29F8122A139F521F00A4F92F /* cool2-5.jpg */,
			);
			path = Cool2;
			sourceTree = "<group>";
		};
		29F8122B139F521F00A4F92F /* Cool3 */ = {
			isa = PBXGroup;
			children = (
				29F8122C139F521F00A4F92F /* cool3-1.jpg */,
				29F8122D139F521F00A4F92F /* cool3-2.jpg */,
				29F8122E139F521F00A4F92F /* cool3-3.jpg */,
				29F8122F139F521F00A4F92F /* cool3-4.jpg */,
				29F81230139F521F00A4F92F /* cool3-5.jpg */,
			);
			path = Cool3;
			sourceTree = "<group>";
		};
		29F81231139F521F00A4F92F /* Cool4 */ = {
			isa = PBXGroup;
			children = (
				29F81232139F521F00A4F92F /* cool4-1.jpg */,
				29F81233139F521F00A4F92F /* cool4-2.jpg */,
				29F81234139F521F00A4F92F /* cool4-3.jpg */,
				29F81235139F521F00A4F92F /* cool4-4.jpg */,
				29F81236139F521F00A4F92F /* cool4-5.jpg */,
			);
			path = Cool4;
			sourceTree = "<group>";
		};
		29F81237139F521F00A4F92F /* Cool5 */ = {
			isa = PBXGroup;
			children = (
				29F81238139F521F00A4F92F /* cool5-1.jpg */,
				29F81239139F521F00A4F92F /* cool5-2.jpg */,
				29F8123A139F521F00A4F92F /* cool5-3.jpg */,
				29F8123B139F521F00A4F92F /* cool5-4.jpg */,
				29F8123C139F521F00A4F92F /* cool5-5.jpg */,
			);
			path = Cool5;
			sourceTree = "<group>";
		};
		29F8123D139F521F00A4F92F /* Cool6 */ = {
			isa = PBXGroup;
			children = (
				29F8123E139F521F00A4F92F /* cool6-1.jpg */,
				29F8123F139F521F00A4F92F /* cool6-2.jpg */,
				29F81240139F521F00A4F92F /* cool6-3.jpg */,
				29F81241139F521F00A4F92F /* cool6-4.jpg */,
				29F81242139F521F00A4F92F /* cool6-5.jpg */,
			);
			path = Cool6;
			sourceTree = "<group>";
		};
		29F81243139F521F00A4F92F /* Cute1 */ = {
			isa = PBXGroup;
			children = (
				29F81244139F521F00A4F92F /* cute1-1.jpg */,
				29F81245139F521F00A4F92F /* cute1-2.jpg */,
				29F81246139F521F00A4F92F /* cute1-3.jpg */,
				29F81247139F521F00A4F92F /* cute1-4.jpg */,
				29F81248139F521F00A4F92F /* cute1-5.jpg */,
			);
			path = Cute1;
			sourceTree = "<group>";
		};
		29F81249139F521F00A4F92F /* Cute2 */ = {
			isa = PBXGroup;
			children = (
				29F8124A139F521F00A4F92F /* cute2-1.jpg */,
				29F8124B139F521F00A4F92F /* cute2-2.jpg */,
				29F8124C139F521F00A4F92F /* cute2-3.jpg */,
				29F8124D139F521F00A4F92F /* cute2-4.jpg */,
				29F8124E139F521F00A4F92F /* cute2-5.jpg */,
			);
			path = Cute2;
			sourceTree = "<group>";
		};
		29F8124F139F521F00A4F92F /* Cute3 */ = {
			isa = PBXGroup;
			children = (
				29F81250139F521F00A4F92F /* cute3-1.jpg */,
				29F81251139F521F00A4F92F /* cute3-2.jpg */,
				29F81252139F521F00A4F92F /* cute3-3.jpg */,
				29F81253139F521F00A4F92F /* cute3-4.jpg */,
				29F81254139F521F00A4F92F /* cute3-5.jpg */,
			);
			path = Cute3;
			sourceTree = "<group>";
		};
		29F81255139F521F00A4F92F /* Cute4 */ = {
			isa = PBXGroup;
			children = (
				29F81256139F521F00A4F92F /* cute4-1.jpg */,
				29F81257139F521F00A4F92F /* cute4-2.jpg */,
				29F81258139F521F00A4F92F /* cute4-3.jpg */,
				29F81259139F521F00A4F92F /* cute4-4.jpg */,
				29F8125A139F521F00A4F92F /* cute4-5.jpg */,
			);
			path = Cute4;
			sourceTree = "<group>";
		};
		29F8125B139F521F00A4F92F /* Cute5 */ = {
			isa = PBXGroup;
			children = (
				29F8125C139F521F00A4F92F /* cute5-1.jpg */,
				29F8125D139F521F00A4F92F /* cute5-2.jpg */,
				29F8125E139F521F00A4F92F /* cute5-3.jpg */,
				29F8125F139F521F00A4F92F /* cute5-4.jpg */,
				29F81260139F521F00A4F92F /* cute5-5.jpg */,
			);
			path = Cute5;
			sourceTree = "<group>";
		};
		29F81261139F521F00A4F92F /* Cute6 */ = {
			isa = PBXGroup;
			children = (
				29F81262139F521F00A4F92F /* cute6-1.jpg */,
				29F81263139F521F00A4F92F /* cute6-2.jpg */,
				29F81264139F521F00A4F92F /* cute6-3.jpg */,
				29F81265139F521F00A4F92F /* cute6-4.jpg */,
				29F81266139F521F00A4F92F /* cute6-5.jpg */,
			);
			path = Cute6;
			sourceTree = "<group>";
		};
		29F81267139F521F00A4F92F /* Gorgeous1 */ = {
			isa = PBXGroup;
			children = (
				29F81268139F521F00A4F92F /* gorgeous1-1.jpg */,
				29F81269139F521F00A4F92F /* gorgeous1-2.jpg */,
				29F8126A139F521F00A4F92F /* gorgeous1-3.jpg */,
				29F8126B139F521F00A4F92F /* gorgeous1-4.jpg */,
				29F8126C139F521F00A4F92F /* gorgeous1-5.jpg */,
			);
			path = Gorgeous1;
			sourceTree = "<group>";
		};
		29F8126D139F521F00A4F92F /* Gorgeous2 */ = {
			isa = PBXGroup;
			children = (
				29F8126E139F521F00A4F92F /* gorgeous2-1.jpg */,
				29F8126F139F521F00A4F92F /* gorgeous2-2.jpg */,
				29F81270139F521F00A4F92F /* gorgeous2-3.jpg */,
				29F81271139F521F00A4F92F /* gorgeous2-4.jpg */,
				29F81272139F521F00A4F92F /* gorgeous2-5.jpg */,
			);
			path = Gorgeous2;
			sourceTree = "<group>";
		};
		29F81273139F521F00A4F92F /* Gorgeous3 */ = {
			isa = PBXGroup;
			children = (
				29F81274139F521F00A4F92F /* gorgeous3-1.jpg */,
				29F81275139F521F00A4F92F /* gorgeous3-2.jpg */,
				29F81276139F521F00A4F92F /* gorgeous3-3.jpg */,
				29F81277139F521F00A4F92F /* gorgeous3-4.jpg */,
				29F81278139F521F00A4F92F /* gorgeous3-5.jpg */,
			);
			path = Gorgeous3;
			sourceTree = "<group>";
		};
		29F81279139F521F00A4F92F /* Gorgeous4 */ = {
			isa = PBXGroup;
			children = (
				29F8127A139F521F00A4F92F /* gorgeous4-1.jpg */,
				29F8127B139F521F00A4F92F /* gorgeous4-2.jpg */,
				29F8127C139F521F00A4F92F /* gorgeous4-3.jpg */,
				29F8127D139F521F00A4F92F /* gorgeous4-4.jpg */,
				29F8127E139F521F00A4F92F /* gorgeous4-5.jpg */,
			);
			path = Gorgeous4;
			sourceTree = "<group>";
		};
		29F8127F139F521F00A4F92F /* Gorgeous5 */ = {
			isa = PBXGroup;
			children = (
				29F81280139F521F00A4F92F /* gorgeous5-1.jpg */,
				29F81281139F521F00A4F92F /* gorgeous5-2.jpg */,
				29F81282139F521F00A4F92F /* gorgeous5-3.jpg */,
				29F81283139F521F00A4F92F /* gorgeous5-4.jpg */,
				29F81284139F521F00A4F92F /* gorgeous5-5.jpg */,
			);
			path = Gorgeous5;
			sourceTree = "<group>";
		};
		29F81285139F521F00A4F92F /* Gorgeous6 */ = {
			isa = PBXGroup;
			children = (
				29F81286139F521F00A4F92F /* gorgeous6-1.jpg */,
				29F81287139F521F00A4F92F /* gorgeous6-2.jpg */,
				29F81288139F521F00A4F92F /* gorgeous6-3.jpg */,
				29F81289139F521F00A4F92F /* gorgeous6-4.jpg */,
				29F8128A139F521F00A4F92F /* gorgeous6-5.jpg */,
			);
			path = Gorgeous6;
			sourceTree = "<group>";
		};
/* End PBXGroup section */

/* Begin PBXNativeTarget section */
		1D6058900D05DD3D006BFB54 /* SakuttoBook */ = {
			isa = PBXNativeTarget;
			buildConfigurationList = 1D6058960D05DD3E006BFB54 /* Build configuration list for PBXNativeTarget "SakuttoBook" */;
			buildPhases = (
				29A886DC12D6C62F00A96E8B /* ShellScript */,
				1D60588D0D05DD3D006BFB54 /* Resources */,
				1D60588E0D05DD3D006BFB54 /* Sources */,
				1D60588F0D05DD3D006BFB54 /* Frameworks */,
			);
			buildRules = (
			);
			dependencies = (
			);
			name = SakuttoBook;
			productName = PdfPub;
			productReference = 1D6058910D05DD3D006BFB54 /* SakuttoBook.app */;
			productType = "com.apple.product-type.application";
		};
/* End PBXNativeTarget section */

/* Begin PBXProject section */
		29B97313FDCFA39411CA2CEA /* Project object */ = {
			isa = PBXProject;
			attributes = {
				LastUpgradeCheck = 0430;
			};
			buildConfigurationList = C01FCF4E08A954540054247B /* Build configuration list for PBXProject "SakuttoBook" */;
			compatibilityVersion = "Xcode 3.2";
			developmentRegion = English;
			hasScannedForEncodings = 1;
			knownRegions = (
				English,
				Japanese,
				French,
				German,
				en,
			);
			mainGroup = 29B97314FDCFA39411CA2CEA /* CustomTemplate */;
			projectDirPath = "";
			projectRoot = "";
			targets = (
				1D6058900D05DD3D006BFB54 /* SakuttoBook */,
			);
		};
/* End PBXProject section */

/* Begin PBXResourcesBuildPhase section */
		1D60588D0D05DD3D006BFB54 /* Resources */ = {
			isa = PBXResourcesBuildPhase;
			buildActionMask = 2147483647;
			files = (
				28AD733F0D9D9553002E5188 /* MainWindow.xib in Resources */,
				2899E5220DE3E06400AC0155 /* SakuttoBookViewController.xib in Resources */,
				2935764412B5EAAD00F46754 /* MenuView.xib in Resources */,
				293BB9F212B6218500DDA3E3 /* WebView.xib in Resources */,
				297AC25812B7870B00962CED /* TocView.xib in Resources */,
				2999FA9512B7BDE5002ACB2B /* icon.png in Resources */,
				29431E2212C5D29C00914DBD /* list_bullets.png in Resources */,
				29787BE112C5FBDC00EC2681 /* document.pdf in Resources */,
				297DF1FB12C600320082C680 /* InfomationView.xib in Resources */,
				2912656912D46BEE00704565 /* list_thumbnail.png in Resources */,
				29E1089A12D46D4700FC5210 /* BookmarkModifyView.xib in Resources */,
				2933410312D594AA00BFBC23 /* BookmarkView.xib in Resources */,
				29014A9B12D6EC8700936BF0 /* pdfDefine.csv in Resources */,
				29014A9D12D6EC9100936BF0 /* tocDefine.csv in Resources */,
				29014A9F12D6EC9C00936BF0 /* movieDefine.csv in Resources */,
				29014AA112D6ECA700936BF0 /* bookDefine.csv in Resources */,
				294E1F1E131E2A5B00E49BAF /* popoverScrollImageDefine.csv in Resources */,
				29F003FA1353CC5500D0D74D /* pageJumpLinkDefine.csv in Resources */,
				2962C40C1394B9EC002E57F9 /* ContentPlayerView.xib in Resources */,
				29F8128B139F521F00A4F92F /* basemake1.jpg in Resources */,
				29F8128C139F521F00A4F92F /* basemake2.jpg in Resources */,
				29F8128D139F521F00A4F92F /* basemake3.jpg in Resources */,
				29F8128E139F521F00A4F92F /* basemake4.jpg in Resources */,
				29F8128F139F521F00A4F92F /* basemake5.jpg in Resources */,
				29F81290139F521F00A4F92F /* cool1-1.jpg in Resources */,
				29F81291139F521F00A4F92F /* cool1-2.jpg in Resources */,
				29F81292139F521F00A4F92F /* cool1-3.jpg in Resources */,
				29F81293139F521F00A4F92F /* cool1-4.jpg in Resources */,
				29F81294139F521F00A4F92F /* cool1-5.jpg in Resources */,
				29F81295139F521F00A4F92F /* cool2-1.jpg in Resources */,
				29F81296139F521F00A4F92F /* cool2-2.jpg in Resources */,
				29F81297139F521F00A4F92F /* cool2-3.jpg in Resources */,
				29F81298139F521F00A4F92F /* cool2-4.jpg in Resources */,
				29F81299139F521F00A4F92F /* cool2-5.jpg in Resources */,
				29F8129A139F521F00A4F92F /* cool3-1.jpg in Resources */,
				29F8129B139F521F00A4F92F /* cool3-2.jpg in Resources */,
				29F8129C139F521F00A4F92F /* cool3-3.jpg in Resources */,
				29F8129D139F521F00A4F92F /* cool3-4.jpg in Resources */,
				29F8129E139F521F00A4F92F /* cool3-5.jpg in Resources */,
				29F8129F139F521F00A4F92F /* cool4-1.jpg in Resources */,
				29F812A0139F521F00A4F92F /* cool4-2.jpg in Resources */,
				29F812A1139F521F00A4F92F /* cool4-3.jpg in Resources */,
				29F812A2139F521F00A4F92F /* cool4-4.jpg in Resources */,
				29F812A3139F521F00A4F92F /* cool4-5.jpg in Resources */,
				29F812A4139F521F00A4F92F /* cool5-1.jpg in Resources */,
				29F812A5139F521F00A4F92F /* cool5-2.jpg in Resources */,
				29F812A6139F521F00A4F92F /* cool5-3.jpg in Resources */,
				29F812A7139F521F00A4F92F /* cool5-4.jpg in Resources */,
				29F812A8139F521F00A4F92F /* cool5-5.jpg in Resources */,
				29F812A9139F521F00A4F92F /* cool6-1.jpg in Resources */,
				29F812AA139F521F00A4F92F /* cool6-2.jpg in Resources */,
				29F812AB139F521F00A4F92F /* cool6-3.jpg in Resources */,
				29F812AC139F521F00A4F92F /* cool6-4.jpg in Resources */,
				29F812AD139F521F00A4F92F /* cool6-5.jpg in Resources */,
				29F812AE139F521F00A4F92F /* cute1-1.jpg in Resources */,
				29F812AF139F521F00A4F92F /* cute1-2.jpg in Resources */,
				29F812B0139F521F00A4F92F /* cute1-3.jpg in Resources */,
				29F812B1139F521F00A4F92F /* cute1-4.jpg in Resources */,
				29F812B2139F521F00A4F92F /* cute1-5.jpg in Resources */,
				29F812B3139F521F00A4F92F /* cute2-1.jpg in Resources */,
				29F812B4139F521F00A4F92F /* cute2-2.jpg in Resources */,
				29F812B5139F521F00A4F92F /* cute2-3.jpg in Resources */,
				29F812B6139F521F00A4F92F /* cute2-4.jpg in Resources */,
				29F812B7139F521F00A4F92F /* cute2-5.jpg in Resources */,
				29F812B8139F521F00A4F92F /* cute3-1.jpg in Resources */,
				29F812B9139F521F00A4F92F /* cute3-2.jpg in Resources */,
				29F812BA139F521F00A4F92F /* cute3-3.jpg in Resources */,
				29F812BB139F521F00A4F92F /* cute3-4.jpg in Resources */,
				29F812BC139F521F00A4F92F /* cute3-5.jpg in Resources */,
				29F812BD139F521F00A4F92F /* cute4-1.jpg in Resources */,
				29F812BE139F521F00A4F92F /* cute4-2.jpg in Resources */,
				29F812BF139F521F00A4F92F /* cute4-3.jpg in Resources */,
				29F812C0139F521F00A4F92F /* cute4-4.jpg in Resources */,
				29F812C1139F521F00A4F92F /* cute4-5.jpg in Resources */,
				29F812C2139F521F00A4F92F /* cute5-1.jpg in Resources */,
				29F812C3139F521F00A4F92F /* cute5-2.jpg in Resources */,
				29F812C4139F521F00A4F92F /* cute5-3.jpg in Resources */,
				29F812C5139F521F00A4F92F /* cute5-4.jpg in Resources */,
				29F812C6139F521F00A4F92F /* cute5-5.jpg in Resources */,
				29F812C7139F521F00A4F92F /* cute6-1.jpg in Resources */,
				29F812C8139F521F00A4F92F /* cute6-2.jpg in Resources */,
				29F812C9139F521F00A4F92F /* cute6-3.jpg in Resources */,
				29F812CA139F521F00A4F92F /* cute6-4.jpg in Resources */,
				29F812CB139F521F00A4F92F /* cute6-5.jpg in Resources */,
				29F812CC139F521F00A4F92F /* gorgeous1-1.jpg in Resources */,
				29F812CD139F521F00A4F92F /* gorgeous1-2.jpg in Resources */,
				29F812CE139F521F00A4F92F /* gorgeous1-3.jpg in Resources */,
				29F812CF139F521F00A4F92F /* gorgeous1-4.jpg in Resources */,
				29F812D0139F521F00A4F92F /* gorgeous1-5.jpg in Resources */,
				29F812D1139F521F00A4F92F /* gorgeous2-1.jpg in Resources */,
				29F812D2139F521F00A4F92F /* gorgeous2-2.jpg in Resources */,
				29F812D3139F521F00A4F92F /* gorgeous2-3.jpg in Resources */,
				29F812D4139F521F00A4F92F /* gorgeous2-4.jpg in Resources */,
				29F812D5139F521F00A4F92F /* gorgeous2-5.jpg in Resources */,
				29F812D6139F521F00A4F92F /* gorgeous3-1.jpg in Resources */,
				29F812D7139F521F00A4F92F /* gorgeous3-2.jpg in Resources */,
				29F812D8139F521F00A4F92F /* gorgeous3-3.jpg in Resources */,
				29F812D9139F521F00A4F92F /* gorgeous3-4.jpg in Resources */,
				29F812DA139F521F00A4F92F /* gorgeous3-5.jpg in Resources */,
				29F812DB139F521F00A4F92F /* gorgeous4-1.jpg in Resources */,
				29F812DC139F521F00A4F92F /* gorgeous4-2.jpg in Resources */,
				29F812DD139F521F00A4F92F /* gorgeous4-3.jpg in Resources */,
				29F812DE139F521F00A4F92F /* gorgeous4-4.jpg in Resources */,
				29F812DF139F521F00A4F92F /* gorgeous4-5.jpg in Resources */,
				29F812E0139F521F00A4F92F /* gorgeous5-1.jpg in Resources */,
				29F812E1139F521F00A4F92F /* gorgeous5-2.jpg in Resources */,
				29F812E2139F521F00A4F92F /* gorgeous5-3.jpg in Resources */,
				29F812E3139F521F00A4F92F /* gorgeous5-4.jpg in Resources */,
				29F812E4139F521F00A4F92F /* gorgeous5-5.jpg in Resources */,
				29F812E5139F521F00A4F92F /* gorgeous6-1.jpg in Resources */,
				29F812E6139F521F00A4F92F /* gorgeous6-2.jpg in Resources */,
				29F812E7139F521F00A4F92F /* gorgeous6-3.jpg in Resources */,
				29F812E8139F521F00A4F92F /* gorgeous6-4.jpg in Resources */,
				29F812E9139F521F00A4F92F /* gorgeous6-5.jpg in Resources */,
				2925997C13A34DD30093B0FA /* icon-57.png in Resources */,
				29C944C613A34E9400AC18C6 /* icon-72.png in Resources */,
				299791EE13AF96ED009B315B /* urlLinkDefine.csv in Resources */,
				29D4C97615B81A38002CFBBE /* HairChangerViewController.xib in Resources */,
				29D4C98215B81FA7002CFBBE /* change_bgimage.png in Resources */,
				29D4C98315B81FA7002CFBBE /* change_personimage.png in Resources */,
				29D4C98415B81FA7002CFBBE /* home.png in Resources */,
				29D4C98515B81FA7002CFBBE /* save_image.png in Resources */,
				29D4C99915B827F6002CFBBE /* b00.jpg in Resources */,
				29D4C99A15B827F6002CFBBE /* b01.jpg in Resources */,
				29D4C99B15B827F6002CFBBE /* b02.jpg in Resources */,
				29D4C99C15B827F6002CFBBE /* b03.jpg in Resources */,
				29D4C99D15B827F6002CFBBE /* b04.jpg in Resources */,
				29D4C99E15B827F6002CFBBE /* b05.jpg in Resources */,
				29D4C99F15B827F6002CFBBE /* b06.jpg in Resources */,
				29D4C9A015B827F6002CFBBE /* b07.jpg in Resources */,
				29D4C9A415B827F6002CFBBE /* w00.png in Resources */,
				29D4C9A515B827F6002CFBBE /* w01.png in Resources */,
				29D4C9A615B827F6002CFBBE /* w02.png in Resources */,
				29D4C9A715B827F6002CFBBE /* w03.png in Resources */,
				29D4C9A815B827F6002CFBBE /* w04.png in Resources */,
				29D4C9A915B827F6002CFBBE /* w05.png in Resources */,
				29203C9F15E10C2200290687 /* w06.png in Resources */,
				29203CA015E10C2200290687 /* w07.png in Resources */,
				29203CA115E10C2200290687 /* w08.png in Resources */,
				29203CA215E10C2200290687 /* w09.png in Resources */,
				29203CA315E10C2200290687 /* w10.png in Resources */,
				29203CA415E10C2200290687 /* w11.png in Resources */,
				29203CA915E118E000290687 /* gom.mp4 in Resources */,
				29203CAA15E118E000290687 /* omote.mp4 in Resources */,
				29203CAB15E118E000290687 /* pin.mp4 in Resources */,
				29203CB215E118E800290687 /* sakage.mp4 in Resources */,
				29203CB315E118E800290687 /* style1.mp4 in Resources */,
				29203CB415E118E800290687 /* style2.mp4 in Resources */,
				29203CB515E118E800290687 /* style3.mp4 in Resources */,
				29203CB615E118E800290687 /* style4.mp4 in Resources */,
				29203CB715E118E800290687 /* ura.mp4 in Resources */,
			);
			runOnlyForDeploymentPostprocessing = 0;
		};
/* End PBXResourcesBuildPhase section */

/* Begin PBXShellScriptBuildPhase section */
		29A886DC12D6C62F00A96E8B /* ShellScript */ = {
			isa = PBXShellScriptBuildPhase;
			buildActionMask = 2147483647;
			files = (
			);
			inputPaths = (
			);
			outputPaths = (
			);
			runOnlyForDeploymentPostprocessing = 0;
			shellPath = /bin/sh;
			shellScript = "touch \"$SRCROOT/pdf/document.pdf\"";
		};
/* End PBXShellScriptBuildPhase section */

/* Begin PBXSourcesBuildPhase section */
		1D60588E0D05DD3D006BFB54 /* Sources */ = {
			isa = PBXSourcesBuildPhase;
			buildActionMask = 2147483647;
			files = (
				1D60589B0D05DD56006BFB54 /* main.m in Sources */,
				1D3623260D0F684500981E51 /* SakuttoBookAppDelegate.m in Sources */,
				28D7ACF80DDB3853001CB0EB /* SakuttoBookViewController.m in Sources */,
				2935764212B5EA9C00F46754 /* MenuViewController.m in Sources */,
				293BB9F012B6217300DDA3E3 /* WebViewController.m in Sources */,
				297AC25612B786EB00962CED /* TocViewController.m in Sources */,
				29B3B7C812C57DE00014F866 /* MyPdfScrollView.m in Sources */,
				29B3B90C12C58C820014F866 /* ThumbnailViewController.m in Sources */,
				297DF1FF12C601AD0082C680 /* InfomationViewController.m in Sources */,
				29E108A912D46ECF00FC5210 /* BookmarkModifyViewController.m in Sources */,
				290F035512D594D300666C6A /* BookmarkViewController.m in Sources */,
				2999FDC512D6A8D500D0F145 /* License.m in Sources */,
				291EDE0413124E2C00DBD3E5 /* ImageGenerator.m in Sources */,
				294E1FC1131E313800E49BAF /* PopoverScrollImageViewController.m in Sources */,
				29A1CB7A138616AA00326759 /* SKBE_MainVC.m in Sources */,
				29A1CB7E138616BB00326759 /* SKBEngine_PopoverScrollImageViewController.m in Sources */,
				291593141394B54700387697 /* ContentPlayerViewController.m in Sources */,
				29D4C97515B81A38002CFBBE /* HairChangerViewController.m in Sources */,
				29D4C97815B81CFC002CFBBE /* HairChangerViewController+ImagePicker.m in Sources */,
			);
			runOnlyForDeploymentPostprocessing = 0;
		};
/* End PBXSourcesBuildPhase section */

/* Begin XCBuildConfiguration section */
		1D6058940D05DD3E006BFB54 /* Debug */ = {
			isa = XCBuildConfiguration;
			buildSettings = {
				ALWAYS_SEARCH_USER_PATHS = NO;
				"CODE_SIGN_IDENTITY[sdk=iphoneos*]" = "iPhone Developer";
				COPY_PHASE_STRIP = NO;
				GCC_DYNAMIC_NO_PIC = NO;
				GCC_OPTIMIZATION_LEVEL = 0;
				GCC_PRECOMPILE_PREFIX_HEADER = YES;
				GCC_PREFIX_HEADER = SakuttoBook_Prefix.pch;
				INFOPLIST_FILE = "SakuttoBook-Info.plist";
				IPHONEOS_DEPLOYMENT_TARGET = 4.2;
				PRODUCT_NAME = SakuttoBook;
				"PROVISIONING_PROFILE[sdk=iphoneos*]" = "";
				TARGETED_DEVICE_FAMILY = 1;
			};
			name = Debug;
		};
		1D6058950D05DD3E006BFB54 /* Release */ = {
			isa = XCBuildConfiguration;
			buildSettings = {
				ALWAYS_SEARCH_USER_PATHS = NO;
				COPY_PHASE_STRIP = YES;
				GCC_PRECOMPILE_PREFIX_HEADER = YES;
				GCC_PREFIX_HEADER = SakuttoBook_Prefix.pch;
				INFOPLIST_FILE = "SakuttoBook-Info.plist";
				IPHONEOS_DEPLOYMENT_TARGET = 4.2;
				PRODUCT_NAME = SakuttoBook;
				TARGETED_DEVICE_FAMILY = 1;
				VALIDATE_PRODUCT = YES;
			};
			name = Release;
		};
		29C944C713A34F1E00AC18C6 /* Distribute */ = {
			isa = XCBuildConfiguration;
			buildSettings = {
				ARCHS = "$(ARCHS_STANDARD_32_BIT)";
				"CODE_SIGN_IDENTITY[sdk=iphoneos*]" = "iPhone Developer: katsuhiko okano (F963QB9AKA)";
				GCC_C_LANGUAGE_STANDARD = c99;
				GCC_WARN_ABOUT_RETURN_TYPE = YES;
				GCC_WARN_UNUSED_VARIABLE = YES;
				IPHONEOS_DEPLOYMENT_TARGET = 4.3;
				OTHER_CFLAGS = "-DNS_BLOCK_ASSERTIONS=1";
				"PROVISIONING_PROFILE[sdk=iphoneos*]" = "174018F9-4B6A-4A2B-ADC1-F6B03FF539FE";
				SDKROOT = iphoneos;
			};
			name = Distribute;
		};
		29C944C813A34F1E00AC18C6 /* Distribute */ = {
			isa = XCBuildConfiguration;
			buildSettings = {
				ALWAYS_SEARCH_USER_PATHS = NO;
				"CODE_SIGN_IDENTITY[sdk=iphoneos*]" = "iPhone Distribution: ePubs.jp Publishing";
				COPY_PHASE_STRIP = YES;
				GCC_PRECOMPILE_PREFIX_HEADER = YES;
				GCC_PREFIX_HEADER = SakuttoBook_Prefix.pch;
				INFOPLIST_FILE = "SakuttoBook-Info.plist";
				IPHONEOS_DEPLOYMENT_TARGET = 4.2;
				PRODUCT_NAME = SakuttoBook;
				"PROVISIONING_PROFILE[sdk=iphoneos*]" = "B7EE5A11-45C8-4652-B81E-69B00C6E83E8";
				TARGETED_DEVICE_FAMILY = 1;
				VALIDATE_PRODUCT = YES;
			};
			name = Distribute;
		};
		C01FCF4F08A954540054247B /* Debug */ = {
			isa = XCBuildConfiguration;
			buildSettings = {
				ARCHS = "$(ARCHS_STANDARD_32_BIT)";
				"CODE_SIGN_IDENTITY[sdk=iphoneos*]" = "iPhone Developer: katsuhiko okano (F963QB9AKA)";
				GCC_C_LANGUAGE_STANDARD = c99;
				GCC_WARN_ABOUT_RETURN_TYPE = YES;
				GCC_WARN_UNUSED_VARIABLE = YES;
				IPHONEOS_DEPLOYMENT_TARGET = 4.3;
				"PROVISIONING_PROFILE[sdk=iphoneos*]" = "174018F9-4B6A-4A2B-ADC1-F6B03FF539FE";
				SDKROOT = iphoneos;
			};
			name = Debug;
		};
		C01FCF5008A954540054247B /* Release */ = {
			isa = XCBuildConfiguration;
			buildSettings = {
				ARCHS = "$(ARCHS_STANDARD_32_BIT)";
				"CODE_SIGN_IDENTITY[sdk=iphoneos*]" = "iPhone Developer: katsuhiko okano (F963QB9AKA)";
				GCC_C_LANGUAGE_STANDARD = c99;
				GCC_WARN_ABOUT_RETURN_TYPE = YES;
				GCC_WARN_UNUSED_VARIABLE = YES;
				IPHONEOS_DEPLOYMENT_TARGET = 4.3;
				OTHER_CFLAGS = "-DNS_BLOCK_ASSERTIONS=1";
				"PROVISIONING_PROFILE[sdk=iphoneos*]" = "174018F9-4B6A-4A2B-ADC1-F6B03FF539FE";
				SDKROOT = iphoneos;
			};
			name = Release;
		};
/* End XCBuildConfiguration section */

/* Begin XCConfigurationList section */
		1D6058960D05DD3E006BFB54 /* Build configuration list for PBXNativeTarget "SakuttoBook" */ = {
			isa = XCConfigurationList;
			buildConfigurations = (
				1D6058940D05DD3E006BFB54 /* Debug */,
				1D6058950D05DD3E006BFB54 /* Release */,
				29C944C813A34F1E00AC18C6 /* Distribute */,
			);
			defaultConfigurationIsVisible = 0;
			defaultConfigurationName = Distribute;
		};
		C01FCF4E08A954540054247B /* Build configuration list for PBXProject "SakuttoBook" */ = {
			isa = XCConfigurationList;
			buildConfigurations = (
				C01FCF4F08A954540054247B /* Debug */,
				C01FCF5008A954540054247B /* Release */,
				29C944C713A34F1E00AC18C6 /* Distribute */,
			);
			defaultConfigurationIsVisible = 0;
			defaultConfigurationName = Distribute;
		};
/* End XCConfigurationList section */
	};
	rootObject = 29B97313FDCFA39411CA2CEA /* Project object */;
}
